<?xml version="1.0" encoding="UTF-8"?>
<Project ToolsVersion="15.0" xmlns="http://schemas.microsoft.com/developer/msbuild/2003">
  <ItemGroup>
    <CustomBuild Include="D:\Programming\VS\Feather Physx 2\Feather Engine\Bullet\CMakeFiles\b8edeb4c5c38e6a5922c3e35ad4abb00\INSTALL_force.rule">
      <Filter>CMake Rules</Filter>
    </CustomBuild>
  </ItemGroup>
  <ItemGroup>
    <Filter Include="CMake Rules">
      <UniqueIdentifier>{9FE86391-6B4D-330D-974D-8416103B680A}</UniqueIdentifier>
    </Filter>
  </ItemGroup>
</Project>
