<?xml version="1.0" encoding="UTF-8"?>
<Project ToolsVersion="15.0" xmlns="http://schemas.microsoft.com/developer/msbuild/2003">
  <ItemGroup>
    <ClCompile Include="D:\Jan\Downloads\bullet3-2.86.1\bullet3-2.86.1\test\collision\main.cpp">
      <Filter>Source Files</Filter>
    </ClCompile>
    <ClCompile Include="D:\Jan\Downloads\bullet3-2.86.1\bullet3-2.86.1\src\BulletCollision\NarrowPhaseCollision\btVoronoiSimplexSolver.cpp">
      <Filter>Source Files</Filter>
    </ClCompile>
    <ClCompile Include="D:\Jan\Downloads\bullet3-2.86.1\bullet3-2.86.1\src\BulletCollision\CollisionShapes\btSphereShape.cpp">
      <Filter>Source Files</Filter>
    </ClCompile>
    <ClCompile Include="D:\Jan\Downloads\bullet3-2.86.1\bullet3-2.86.1\src\BulletCollision\CollisionShapes\btMultiSphereShape.cpp">
      <Filter>Source Files</Filter>
    </ClCompile>
    <ClCompile Include="D:\Jan\Downloads\bullet3-2.86.1\bullet3-2.86.1\src\BulletCollision\CollisionShapes\btPolyhedralConvexShape.cpp">
      <Filter>Source Files</Filter>
    </ClCompile>
    <ClCompile Include="D:\Jan\Downloads\bullet3-2.86.1\bullet3-2.86.1\src\BulletCollision\CollisionShapes\btConvexShape.cpp">
      <Filter>Source Files</Filter>
    </ClCompile>
    <ClCompile Include="D:\Jan\Downloads\bullet3-2.86.1\bullet3-2.86.1\src\BulletCollision\CollisionShapes\btConvexInternalShape.cpp">
      <Filter>Source Files</Filter>
    </ClCompile>
    <ClCompile Include="D:\Jan\Downloads\bullet3-2.86.1\bullet3-2.86.1\src\BulletCollision\CollisionShapes\btCollisionShape.cpp">
      <Filter>Source Files</Filter>
    </ClCompile>
    <ClCompile Include="D:\Jan\Downloads\bullet3-2.86.1\bullet3-2.86.1\src\BulletCollision\CollisionShapes\btConvexPolyhedron.cpp">
      <Filter>Source Files</Filter>
    </ClCompile>
  </ItemGroup>
  <ItemGroup>
    <ClInclude Include="D:\Jan\Downloads\bullet3-2.86.1\bullet3-2.86.1\src\BulletCollision\NarrowPhaseCollision\btVoronoiSimplexSolver.h">
      <Filter>Header Files</Filter>
    </ClInclude>
  </ItemGroup>
  <ItemGroup>
    <CustomBuild Include="D:\Jan\Downloads\bullet3-2.86.1\bullet3-2.86.1\test\collision\CMakeLists.txt" />
  </ItemGroup>
  <ItemGroup>
    <Filter Include="Source Files">
      <UniqueIdentifier>{38554BCB-EE13-3EBE-924D-6BB467F9D8BC}</UniqueIdentifier>
    </Filter>
    <Filter Include="Header Files">
      <UniqueIdentifier>{0CB6FCD9-0152-36C2-90B6-92FBCE2BDB68}</UniqueIdentifier>
    </Filter>
  </ItemGroup>
</Project>
