<?xml version="1.0" encoding="UTF-8"?>
<Project ToolsVersion="15.0" xmlns="http://schemas.microsoft.com/developer/msbuild/2003">
  <ItemGroup>
    <ClCompile Include="D:\Jan\Downloads\bullet3-2.86.1\bullet3-2.86.1\test\InverseDynamics\test_invdyn_bullet.cpp">
      <Filter>Source Files</Filter>
    </ClCompile>
    <ClCompile Include="D:\Jan\Downloads\bullet3-2.86.1\bullet3-2.86.1\examples\Utils\b3ResourcePath.cpp">
      <Filter>Source Files</Filter>
    </ClCompile>
    <ClCompile Include="D:\Jan\Downloads\bullet3-2.86.1\bullet3-2.86.1\examples\Importers\ImportURDFDemo\MyMultiBodyCreator.cpp">
      <Filter>Source Files</Filter>
    </ClCompile>
    <ClCompile Include="D:\Jan\Downloads\bullet3-2.86.1\bullet3-2.86.1\examples\Importers\ImportURDFDemo\BulletUrdfImporter.cpp">
      <Filter>Source Files</Filter>
    </ClCompile>
    <ClCompile Include="D:\Jan\Downloads\bullet3-2.86.1\bullet3-2.86.1\examples\Importers\ImportURDFDemo\urdfStringSplit.cpp">
      <Filter>Source Files</Filter>
    </ClCompile>
    <ClCompile Include="D:\Jan\Downloads\bullet3-2.86.1\bullet3-2.86.1\examples\Importers\ImportURDFDemo\UrdfParser.cpp">
      <Filter>Source Files</Filter>
    </ClCompile>
    <ClCompile Include="D:\Jan\Downloads\bullet3-2.86.1\bullet3-2.86.1\examples\Importers\ImportURDFDemo\URDF2Bullet.cpp">
      <Filter>Source Files</Filter>
    </ClCompile>
    <ClCompile Include="D:\Jan\Downloads\bullet3-2.86.1\bullet3-2.86.1\examples\Importers\ImportMeshUtility\b3ImportMeshUtility.cpp">
      <Filter>Source Files</Filter>
    </ClCompile>
    <ClCompile Include="D:\Jan\Downloads\bullet3-2.86.1\bullet3-2.86.1\examples\ThirdPartyLibs\stb_image\stb_image.cpp">
      <Filter>Source Files</Filter>
    </ClCompile>
    <ClCompile Include="D:\Jan\Downloads\bullet3-2.86.1\bullet3-2.86.1\examples\Utils\b3Clock.cpp">
      <Filter>Source Files</Filter>
    </ClCompile>
    <ClCompile Include="D:\Jan\Downloads\bullet3-2.86.1\bullet3-2.86.1\Extras\Serialize\BulletWorldImporter\btBulletWorldImporter.cpp">
      <Filter>Source Files</Filter>
    </ClCompile>
    <ClCompile Include="D:\Jan\Downloads\bullet3-2.86.1\bullet3-2.86.1\Extras\Serialize\BulletWorldImporter\btWorldImporter.cpp">
      <Filter>Source Files</Filter>
    </ClCompile>
    <ClCompile Include="D:\Jan\Downloads\bullet3-2.86.1\bullet3-2.86.1\Extras\Serialize\BulletFileLoader\bChunk.cpp">
      <Filter>Source Files</Filter>
    </ClCompile>
    <ClCompile Include="D:\Jan\Downloads\bullet3-2.86.1\bullet3-2.86.1\Extras\Serialize\BulletFileLoader\bFile.cpp">
      <Filter>Source Files</Filter>
    </ClCompile>
    <ClCompile Include="D:\Jan\Downloads\bullet3-2.86.1\bullet3-2.86.1\Extras\Serialize\BulletFileLoader\bDNA.cpp">
      <Filter>Source Files</Filter>
    </ClCompile>
    <ClCompile Include="D:\Jan\Downloads\bullet3-2.86.1\bullet3-2.86.1\Extras\Serialize\BulletFileLoader\btBulletFile.cpp">
      <Filter>Source Files</Filter>
    </ClCompile>
    <ClCompile Include="D:\Jan\Downloads\bullet3-2.86.1\bullet3-2.86.1\examples\Importers\ImportObjDemo\Wavefront2GLInstanceGraphicsShape.cpp">
      <Filter>Source Files</Filter>
    </ClCompile>
    <ClCompile Include="D:\Jan\Downloads\bullet3-2.86.1\bullet3-2.86.1\examples\Importers\ImportObjDemo\LoadMeshFromObj.cpp">
      <Filter>Source Files</Filter>
    </ClCompile>
    <ClCompile Include="D:\Jan\Downloads\bullet3-2.86.1\bullet3-2.86.1\examples\Importers\ImportColladaDemo\LoadMeshFromCollada.cpp">
      <Filter>Source Files</Filter>
    </ClCompile>
    <ClCompile Include="D:\Jan\Downloads\bullet3-2.86.1\bullet3-2.86.1\examples\ThirdPartyLibs\Wavefront\tiny_obj_loader.cpp">
      <Filter>Source Files</Filter>
    </ClCompile>
    <ClCompile Include="D:\Jan\Downloads\bullet3-2.86.1\bullet3-2.86.1\examples\ThirdPartyLibs\tinyxml\tinystr.cpp">
      <Filter>Source Files</Filter>
    </ClCompile>
    <ClCompile Include="D:\Jan\Downloads\bullet3-2.86.1\bullet3-2.86.1\examples\ThirdPartyLibs\tinyxml\tinyxml.cpp">
      <Filter>Source Files</Filter>
    </ClCompile>
    <ClCompile Include="D:\Jan\Downloads\bullet3-2.86.1\bullet3-2.86.1\examples\ThirdPartyLibs\tinyxml\tinyxmlerror.cpp">
      <Filter>Source Files</Filter>
    </ClCompile>
    <ClCompile Include="D:\Jan\Downloads\bullet3-2.86.1\bullet3-2.86.1\examples\ThirdPartyLibs\tinyxml\tinyxmlparser.cpp">
      <Filter>Source Files</Filter>
    </ClCompile>
  </ItemGroup>
  <ItemGroup>
    <ClInclude Include="D:\Jan\Downloads\bullet3-2.86.1\bullet3-2.86.1\examples\Importers\ImportURDFDemo\ConvertRigidBodies2MultiBody.h">
      <Filter>Header Files</Filter>
    </ClInclude>
    <ClInclude Include="D:\Jan\Downloads\bullet3-2.86.1\bullet3-2.86.1\examples\Importers\ImportURDFDemo\MultiBodyCreationInterface.h">
      <Filter>Header Files</Filter>
    </ClInclude>
    <ClInclude Include="D:\Jan\Downloads\bullet3-2.86.1\bullet3-2.86.1\examples\Importers\ImportURDFDemo\MyMultiBodyCreator.h">
      <Filter>Header Files</Filter>
    </ClInclude>
    <ClInclude Include="D:\Jan\Downloads\bullet3-2.86.1\bullet3-2.86.1\examples\Importers\ImportURDFDemo\BulletUrdfImporter.h">
      <Filter>Header Files</Filter>
    </ClInclude>
    <ClInclude Include="D:\Jan\Downloads\bullet3-2.86.1\bullet3-2.86.1\examples\Importers\ImportURDFDemo\UrdfParser.h">
      <Filter>Header Files</Filter>
    </ClInclude>
    <ClInclude Include="D:\Jan\Downloads\bullet3-2.86.1\bullet3-2.86.1\examples\Importers\ImportURDFDemo\URDF2Bullet.h">
      <Filter>Header Files</Filter>
    </ClInclude>
    <ClInclude Include="D:\Jan\Downloads\bullet3-2.86.1\bullet3-2.86.1\examples\Importers\ImportURDFDemo\URDFImporterInterface.h">
      <Filter>Header Files</Filter>
    </ClInclude>
    <ClInclude Include="D:\Jan\Downloads\bullet3-2.86.1\bullet3-2.86.1\examples\Importers\ImportURDFDemo\URDFJointTypes.h">
      <Filter>Header Files</Filter>
    </ClInclude>
    <ClInclude Include="D:\Jan\Downloads\bullet3-2.86.1\bullet3-2.86.1\examples\Importers\ImportSTLDemo\ImportSTLSetup.h">
      <Filter>Header Files</Filter>
    </ClInclude>
    <ClInclude Include="D:\Jan\Downloads\bullet3-2.86.1\bullet3-2.86.1\examples\Importers\ImportSTLDemo\LoadMeshFromSTL.h">
      <Filter>Header Files</Filter>
    </ClInclude>
    <ClInclude Include="D:\Jan\Downloads\bullet3-2.86.1\bullet3-2.86.1\examples\Importers\ImportColladaDemo\ColladaGraphicsInstance.h">
      <Filter>Header Files</Filter>
    </ClInclude>
  </ItemGroup>
  <ItemGroup>
    <CustomBuild Include="D:\Jan\Downloads\bullet3-2.86.1\bullet3-2.86.1\test\InverseDynamics\CMakeLists.txt" />
  </ItemGroup>
  <ItemGroup>
    <Filter Include="Source Files">
      <UniqueIdentifier>{38554BCB-EE13-3EBE-924D-6BB467F9D8BC}</UniqueIdentifier>
    </Filter>
    <Filter Include="Header Files">
      <UniqueIdentifier>{0CB6FCD9-0152-36C2-90B6-92FBCE2BDB68}</UniqueIdentifier>
    </Filter>
  </ItemGroup>
</Project>
