<?xml version="1.0" encoding="UTF-8"?>
<Project ToolsVersion="15.0" xmlns="http://schemas.microsoft.com/developer/msbuild/2003">
  <ItemGroup>
    <ClCompile Include="D:\Jan\Downloads\bullet3-2.86.1\bullet3-2.86.1\src\Bullet3Serialize\Bullet2FileLoader\b3BulletFile.cpp">
      <Filter>Source Files</Filter>
    </ClCompile>
    <ClCompile Include="D:\Jan\Downloads\bullet3-2.86.1\bullet3-2.86.1\src\Bullet3Serialize\Bullet2FileLoader\b3Chunk.cpp">
      <Filter>Source Files</Filter>
    </ClCompile>
    <ClCompile Include="D:\Jan\Downloads\bullet3-2.86.1\bullet3-2.86.1\src\Bullet3Serialize\Bullet2FileLoader\b3DNA.cpp">
      <Filter>Source Files</Filter>
    </ClCompile>
    <ClCompile Include="D:\Jan\Downloads\bullet3-2.86.1\bullet3-2.86.1\src\Bullet3Serialize\Bullet2FileLoader\b3File.cpp">
      <Filter>Source Files</Filter>
    </ClCompile>
    <ClCompile Include="D:\Jan\Downloads\bullet3-2.86.1\bullet3-2.86.1\src\Bullet3Serialize\Bullet2FileLoader\b3Serializer.cpp">
      <Filter>Source Files</Filter>
    </ClCompile>
  </ItemGroup>
  <ItemGroup>
    <ClInclude Include="D:\Jan\Downloads\bullet3-2.86.1\bullet3-2.86.1\src\Bullet3Serialize\Bullet2FileLoader\b3BulletFile.h">
      <Filter>Header Files</Filter>
    </ClInclude>
    <ClInclude Include="D:\Jan\Downloads\bullet3-2.86.1\bullet3-2.86.1\src\Bullet3Serialize\Bullet2FileLoader\b3Chunk.h">
      <Filter>Header Files</Filter>
    </ClInclude>
    <ClInclude Include="D:\Jan\Downloads\bullet3-2.86.1\bullet3-2.86.1\src\Bullet3Serialize\Bullet2FileLoader\b3Common.h">
      <Filter>Header Files</Filter>
    </ClInclude>
    <ClInclude Include="D:\Jan\Downloads\bullet3-2.86.1\bullet3-2.86.1\src\Bullet3Serialize\Bullet2FileLoader\b3Defines.h">
      <Filter>Header Files</Filter>
    </ClInclude>
    <ClInclude Include="D:\Jan\Downloads\bullet3-2.86.1\bullet3-2.86.1\src\Bullet3Serialize\Bullet2FileLoader\b3DNA.h">
      <Filter>Header Files</Filter>
    </ClInclude>
    <ClInclude Include="D:\Jan\Downloads\bullet3-2.86.1\bullet3-2.86.1\src\Bullet3Serialize\Bullet2FileLoader\b3File.h">
      <Filter>Header Files</Filter>
    </ClInclude>
    <ClInclude Include="D:\Jan\Downloads\bullet3-2.86.1\bullet3-2.86.1\src\Bullet3Serialize\Bullet2FileLoader\b3Serializer.h">
      <Filter>Header Files</Filter>
    </ClInclude>
    <ClInclude Include="D:\Jan\Downloads\bullet3-2.86.1\bullet3-2.86.1\src\Bullet3Serialize\Bullet2FileLoader\autogenerated\bullet2.h">
      <Filter>Header Files</Filter>
    </ClInclude>
  </ItemGroup>
  <ItemGroup>
    <CustomBuild Include="D:\Jan\Downloads\bullet3-2.86.1\bullet3-2.86.1\src\Bullet3Serialize\Bullet2FileLoader\CMakeLists.txt" />
  </ItemGroup>
  <ItemGroup>
    <Filter Include="Source Files">
      <UniqueIdentifier>{38554BCB-EE13-3EBE-924D-6BB467F9D8BC}</UniqueIdentifier>
    </Filter>
    <Filter Include="Header Files">
      <UniqueIdentifier>{0CB6FCD9-0152-36C2-90B6-92FBCE2BDB68}</UniqueIdentifier>
    </Filter>
  </ItemGroup>
</Project>
