<?xml version="1.0" encoding="utf-8"?>
<Project ToolsVersion="4.0" xmlns="http://schemas.microsoft.com/developer/msbuild/2003">
  <ItemGroup>
    <Filter Include="Quelldateien">
      <UniqueIdentifier>{4FC737F1-C7A5-4376-A066-2A32D752A2FF}</UniqueIdentifier>
      <Extensions>cpp;c;cc;cxx;def;odl;idl;hpj;bat;asm;asmx</Extensions>
    </Filter>
    <Filter Include="Headerdateien">
      <UniqueIdentifier>{93995380-89BD-4b04-88EB-625FBE52EBFB}</UniqueIdentifier>
      <Extensions>h;hh;hpp;hxx;hm;inl;inc;xsd</Extensions>
    </Filter>
    <Filter Include="Ressourcendateien">
      <UniqueIdentifier>{67DA6AB6-F800-4c08-8B7A-83BB121AAD01}</UniqueIdentifier>
      <Extensions>rc;ico;cur;bmp;dlg;rc2;rct;bin;rgs;gif;jpg;jpeg;jpe;resx;tiff;tif;png;wav;mfcribbon-ms</Extensions>
    </Filter>
    <Filter Include="shaders">
      <UniqueIdentifier>{251a7ee2-45d4-4b02-92ac-30b843cea07b}</UniqueIdentifier>
    </Filter>
    <Filter Include="Headerdateien\Engine">
      <UniqueIdentifier>{937ffd72-d338-40de-9ca5-4a254d8d9165}</UniqueIdentifier>
    </Filter>
    <Filter Include="Headerdateien\JavaScript">
      <UniqueIdentifier>{8697a9cb-b003-4c10-8349-39a190f1b7b6}</UniqueIdentifier>
    </Filter>
    <Filter Include="Quelldateien\JavaScript">
      <UniqueIdentifier>{4caeb8d7-4659-4f10-83ba-16bda2cbdb13}</UniqueIdentifier>
    </Filter>
    <Filter Include="Headerdateien\Renderers">
      <UniqueIdentifier>{92edc6be-4d2e-42fd-9b26-67f5e02c869a}</UniqueIdentifier>
    </Filter>
    <Filter Include="Quelldateien\Renderers">
      <UniqueIdentifier>{6dced54d-063b-482e-98c4-16ae176db60a}</UniqueIdentifier>
    </Filter>
    <Filter Include="Quelldateien\Engine">
      <UniqueIdentifier>{62ba65b3-ee4e-4808-bafd-323149053ae7}</UniqueIdentifier>
    </Filter>
    <Filter Include="Headerdateien\Asset">
      <UniqueIdentifier>{d3df4d35-dff8-4330-bcba-905347cfbe6d}</UniqueIdentifier>
    </Filter>
    <Filter Include="Quelldateien\Asset">
      <UniqueIdentifier>{b0c2efff-566e-4b09-b61d-411498b3f85d}</UniqueIdentifier>
    </Filter>
    <Filter Include="Headerdateien\Renderers\Modular">
      <UniqueIdentifier>{115d4c7f-724d-44e6-8e4a-da02b714b46e}</UniqueIdentifier>
    </Filter>
    <Filter Include="Quelldateien\Renderers\Modular">
      <UniqueIdentifier>{bf37d534-2808-492d-badb-2cf3fbae39f6}</UniqueIdentifier>
    </Filter>
    <Filter Include="Headerdateien\Engine\Interfaces">
      <UniqueIdentifier>{5e833530-0cb9-443b-8ae9-fe37a4651f10}</UniqueIdentifier>
    </Filter>
  </ItemGroup>
  <ItemGroup>
    <ClCompile Include="main.cpp">
      <Filter>Quelldateien</Filter>
    </ClCompile>
    <ClCompile Include="OldRenderCode.cpp">
      <Filter>Quelldateien</Filter>
    </ClCompile>
    <ClCompile Include="EScriptContext.cpp">
      <Filter>Quelldateien\JavaScript</Filter>
    </ClCompile>
    <ClCompile Include="EJSFunctions.cpp">
      <Filter>Quelldateien\JavaScript</Filter>
    </ClCompile>
    <ClCompile Include="ERasterizer.cpp">
      <Filter>Quelldateien\Renderers</Filter>
    </ClCompile>
    <ClCompile Include="EOpenGl.cpp">
      <Filter>Quelldateien\Renderers</Filter>
    </ClCompile>
    <ClCompile Include="Asset.cpp">
      <Filter>Quelldateien\Asset</Filter>
    </ClCompile>
    <ClCompile Include="AssetComponent.cpp">
      <Filter>Quelldateien\Asset</Filter>
    </ClCompile>
    <ClCompile Include="Camera.cpp">
      <Filter>Quelldateien\Engine</Filter>
    </ClCompile>
    <ClCompile Include="FPCam.cpp">
      <Filter>Quelldateien\Engine</Filter>
    </ClCompile>
    <ClCompile Include="Game.cpp">
      <Filter>Quelldateien\Engine</Filter>
    </ClCompile>
    <ClCompile Include="Lamp.cpp">
      <Filter>Quelldateien\Asset</Filter>
    </ClCompile>
    <ClCompile Include="Material.cpp">
      <Filter>Quelldateien\Asset</Filter>
    </ClCompile>
    <ClCompile Include="Mesh.cpp">
      <Filter>Quelldateien\Asset</Filter>
    </ClCompile>
    <ClCompile Include="Model.cpp">
      <Filter>Quelldateien\Asset</Filter>
    </ClCompile>
    <ClCompile Include="Shader.cpp">
      <Filter>Quelldateien\Engine</Filter>
    </ClCompile>
    <ClCompile Include="UIElement.cpp">
      <Filter>Quelldateien\Engine</Filter>
    </ClCompile>
    <ClCompile Include="Texture.cpp">
      <Filter>Quelldateien\Engine</Filter>
    </ClCompile>
    <ClCompile Include="Terrain.cpp">
      <Filter>Quelldateien\Asset</Filter>
    </ClCompile>
    <ClCompile Include="ERaytracer.cpp">
      <Filter>Quelldateien\Renderers</Filter>
    </ClCompile>
    <ClCompile Include="ERender.cpp">
      <Filter>Quelldateien</Filter>
    </ClCompile>
    <ClCompile Include="EOGLUniform.cpp">
      <Filter>Quelldateien</Filter>
    </ClCompile>
    <ClCompile Include="EModularRasterizer.cpp">
      <Filter>Quelldateien\Renderers\Modular</Filter>
    </ClCompile>
    <ClCompile Include="ERenderPass.cpp">
      <Filter>Quelldateien\Renderers\Modular</Filter>
    </ClCompile>
    <ClCompile Include="EGeometryPass.cpp">
      <Filter>Quelldateien\Renderers\Modular</Filter>
    </ClCompile>
    <ClCompile Include="EIlluminationPass.cpp">
      <Filter>Quelldateien\Renderers\Modular</Filter>
    </ClCompile>
    <ClCompile Include="EPostPass.cpp">
      <Filter>Quelldateien\Renderers\Modular</Filter>
    </ClCompile>
    <ClCompile Include="EShadowPass.cpp">
      <Filter>Quelldateien</Filter>
    </ClCompile>
    <ClCompile Include="ETextPass.cpp">
      <Filter>Quelldateien</Filter>
    </ClCompile>
  </ItemGroup>
  <ItemGroup>
    <None Include="packages.config" />
    <None Include="DefaultShader.frag">
      <Filter>shaders</Filter>
    </None>
    <None Include="DefaultShader.vert">
      <Filter>shaders</Filter>
    </None>
    <None Include="LightmapShader.vert">
      <Filter>shaders</Filter>
    </None>
    <None Include="LightmapShader.geom">
      <Filter>shaders</Filter>
    </None>
    <None Include="PBRShader.frag">
      <Filter>shaders</Filter>
    </None>
    <None Include="EnvShader.vert">
      <Filter>shaders</Filter>
    </None>
    <None Include="libenet.dylib" />
    <None Include="ENetX86.dll" />
    <None Include="ENetX64.dll" />
  </ItemGroup>
  <ItemGroup>
    <ClInclude Include="Camera.h">
      <Filter>Headerdateien\Engine</Filter>
    </ClInclude>
    <ClInclude Include="resource.h">
      <Filter>Headerdateien</Filter>
    </ClInclude>
    <ClInclude Include="GameMode.h">
      <Filter>Headerdateien\Engine\Interfaces</Filter>
    </ClInclude>
    <ClInclude Include="stb_image_resize.h">
      <Filter>Headerdateien</Filter>
    </ClInclude>
    <ClInclude Include="EScriptContext.h">
      <Filter>Headerdateien\JavaScript</Filter>
    </ClInclude>
    <ClInclude Include="EJSFunctions.h">
      <Filter>Headerdateien\JavaScript</Filter>
    </ClInclude>
    <ClInclude Include="EOpenGl.h">
      <Filter>Headerdateien\Renderers</Filter>
    </ClInclude>
    <ClInclude Include="ERasterizer.h">
      <Filter>Headerdateien\Renderers</Filter>
    </ClInclude>
    <ClInclude Include="ERender.h">
      <Filter>Headerdateien\Renderers</Filter>
    </ClInclude>
    <ClInclude Include="EEngine.h">
      <Filter>Headerdateien\Engine</Filter>
    </ClInclude>
    <ClInclude Include="Game.h">
      <Filter>Headerdateien\Engine</Filter>
    </ClInclude>
    <ClInclude Include="Asset.h">
      <Filter>Headerdateien\Asset</Filter>
    </ClInclude>
    <ClInclude Include="AssetComponent.h">
      <Filter>Headerdateien\Asset</Filter>
    </ClInclude>
    <ClInclude Include="FPCam.h">
      <Filter>Headerdateien\Engine</Filter>
    </ClInclude>
    <ClInclude Include="Lamp.h">
      <Filter>Headerdateien\Asset</Filter>
    </ClInclude>
    <ClInclude Include="Shader.h">
      <Filter>Headerdateien\Engine</Filter>
    </ClInclude>
    <ClInclude Include="Mesh.h">
      <Filter>Headerdateien\Asset</Filter>
    </ClInclude>
    <ClInclude Include="Model.h">
      <Filter>Headerdateien\Asset</Filter>
    </ClInclude>
    <ClInclude Include="Material.h">
      <Filter>Headerdateien\Asset</Filter>
    </ClInclude>
    <ClInclude Include="Texture.h">
      <Filter>Headerdateien\Asset</Filter>
    </ClInclude>
    <ClInclude Include="Terrain.h">
      <Filter>Headerdateien\Asset</Filter>
    </ClInclude>
    <ClInclude Include="RayCastHit.h">
      <Filter>Headerdateien\Engine</Filter>
    </ClInclude>
    <ClInclude Include="UIElement.h">
      <Filter>Headerdateien\Engine</Filter>
    </ClInclude>
    <ClInclude Include="ERaytracer.h">
      <Filter>Headerdateien\Renderers</Filter>
    </ClInclude>
    <ClInclude Include="EOGLUniform.h">
      <Filter>Headerdateien</Filter>
    </ClInclude>
    <ClInclude Include="EModularRasterizer.h">
      <Filter>Headerdateien\Renderers\Modular</Filter>
    </ClInclude>
    <ClInclude Include="EGeometryPass.h">
      <Filter>Headerdateien\Renderers\Modular</Filter>
    </ClInclude>
    <ClInclude Include="ERenderPass.h">
      <Filter>Headerdateien\Renderers\Modular</Filter>
    </ClInclude>
    <ClInclude Include="EIlluminationPass.h">
      <Filter>Headerdateien\Renderers\Modular</Filter>
    </ClInclude>
    <ClInclude Include="EPostPass.h">
      <Filter>Headerdateien\Renderers\Modular</Filter>
    </ClInclude>
    <ClInclude Include="EShadowPass.h">
      <Filter>Headerdateien</Filter>
    </ClInclude>
    <ClInclude Include="ETextPass.h">
      <Filter>Headerdateien</Filter>
    </ClInclude>
  </ItemGroup>
  <ItemGroup>
    <ResourceCompile Include="Feather Engine.rc">
      <Filter>Ressourcendateien</Filter>
    </ResourceCompile>
  </ItemGroup>
  <ItemGroup>
    <Text Include="LightmapShader.frag">
      <Filter>shaders</Filter>
    </Text>
    <Text Include="EnvShader.geom">
      <Filter>shaders</Filter>
    </Text>
  </ItemGroup>
</Project>