Microsoft Visual Studio Solution File, Format Version 12.00
# Visual Studio 15
Project("{8BC9CEB8-8B4A-11D0-8D11-00A0C91BC942}") = "ALL_BUILD", "ALL_BUILD.vcxproj", "{289E690D-1748-3C46-856E-098DD32BE2FD}"
	ProjectSection(ProjectDependencies) = postProject
		{AEB6FC95-84F6-34BD-AF59-03A0ACAF10C4} = {AEB6FC95-84F6-34BD-AF59-03A0ACAF10C4}
		{807A4ED9-B158-3156-83BA-88C7E180E0D0} = {807A4ED9-B158-3156-83BA-88C7E180E0D0}
		{AC8ADC93-6D0E-39F3-8F69-8B22871C5608} = {AC8ADC93-6D0E-39F3-8F69-8B22871C5608}
		{FE00964C-924E-331B-A923-D349BEAA2868} = {FE00964C-924E-331B-A923-D349BEAA2868}
		{C3A0E51B-6ED5-3103-AE40-5406EE0DCDA5} = {C3A0E51B-6ED5-3103-AE40-5406EE0DCDA5}
		{AA8C72ED-2943-3B13-B618-AB8F71D34A31} = {AA8C72ED-2943-3B13-B618-AB8F71D34A31}
		{6002BAB6-C56E-3E17-9F34-FBA80EFAA513} = {6002BAB6-C56E-3E17-9F34-FBA80EFAA513}
		{FF15E7DF-2D04-3035-93DD-88A2C2B06702} = {FF15E7DF-2D04-3035-93DD-88A2C2B06702}
		{8614BBF6-F303-3532-BB1A-B30EFAAB1396} = {8614BBF6-F303-3532-BB1A-B30EFAAB1396}
		{3AC662CE-45A5-3AA2-B240-99E47A9D1481} = {3AC662CE-45A5-3AA2-B240-99E47A9D1481}
		{B2FFF69C-6D42-3B7E-8794-275A119236A8} = {B2FFF69C-6D42-3B7E-8794-275A119236A8}
		{A6826D4D-1917-34BB-8554-CC48BF9D2838} = {A6826D4D-1917-34BB-8554-CC48BF9D2838}
		{DB6AE463-5945-30C7-AF5E-C51A19440356} = {DB6AE463-5945-30C7-AF5E-C51A19440356}
		{E207494D-B6D8-3D0E-9579-8CB3305A06DE} = {E207494D-B6D8-3D0E-9579-8CB3305A06DE}
		{6B5131BE-EEFB-3715-884D-ED8DD2A9D2DA} = {6B5131BE-EEFB-3715-884D-ED8DD2A9D2DA}
		{CBBCAD27-2EBA-34CF-96B5-FA5485674607} = {CBBCAD27-2EBA-34CF-96B5-FA5485674607}
		{3E7C90B2-58D6-3890-BFDC-10812705AAB2} = {3E7C90B2-58D6-3890-BFDC-10812705AAB2}
		{E8B0CEBC-FF10-302E-8D76-E0EF8DCB50F9} = {E8B0CEBC-FF10-302E-8D76-E0EF8DCB50F9}
		{B670ADB9-98F3-39FB-8DFB-F66458B7946C} = {B670ADB9-98F3-39FB-8DFB-F66458B7946C}
		{80220CD3-955E-3ABC-B40B-0CAE68CB29DE} = {80220CD3-955E-3ABC-B40B-0CAE68CB29DE}
		{25C65788-B7A5-3ABF-9C17-8517072E3732} = {25C65788-B7A5-3ABF-9C17-8517072E3732}
		{9827028D-66AB-373E-970E-E8EE6F2B4A23} = {9827028D-66AB-373E-970E-E8EE6F2B4A23}
		{EB86B9A2-81AA-3397-937B-9F453C5239FF} = {EB86B9A2-81AA-3397-937B-9F453C5239FF}
		{5E08DDAE-FAD2-3929-ACFC-DF64723FA542} = {5E08DDAE-FAD2-3929-ACFC-DF64723FA542}
		{8B2293E1-4310-3A7B-AFDC-C4267E60E3E5} = {8B2293E1-4310-3A7B-AFDC-C4267E60E3E5}
		{36E4550F-4243-336D-B36F-A6813B36E87D} = {36E4550F-4243-336D-B36F-A6813B36E87D}
		{971E764C-BA31-3641-AE0B-DDD144188918} = {971E764C-BA31-3641-AE0B-DDD144188918}
		{7B89CD6D-510F-33EA-8C54-9B6327DBE590} = {7B89CD6D-510F-33EA-8C54-9B6327DBE590}
		{BEBC75FF-6775-3A0F-A3AB-A2DF8552DBDE} = {BEBC75FF-6775-3A0F-A3AB-A2DF8552DBDE}
		{A1367E7D-C8EC-35C3-9E43-9866AD36E4D7} = {A1367E7D-C8EC-35C3-9E43-9866AD36E4D7}
		{F6225418-7E6B-31AE-A264-E87B4FDDCCC4} = {F6225418-7E6B-31AE-A264-E87B4FDDCCC4}
		{77F29F80-EA4E-3ACF-9CB0-2DDF993F5D60} = {77F29F80-EA4E-3ACF-9CB0-2DDF993F5D60}
		{B67273B6-072B-3557-9E08-CA08AF767AAC} = {B67273B6-072B-3557-9E08-CA08AF767AAC}
		{C341B0EF-B7EB-39BD-81A5-079477BE8C37} = {C341B0EF-B7EB-39BD-81A5-079477BE8C37}
		{B912900E-2482-3E15-8040-A69209AB34CF} = {B912900E-2482-3E15-8040-A69209AB34CF}
		{3FCCA5D5-93AB-347F-956C-DF933D1835B6} = {3FCCA5D5-93AB-347F-956C-DF933D1835B6}
		{05003EEB-EFDD-39A8-B6ED-FBC3C2D5A1E8} = {05003EEB-EFDD-39A8-B6ED-FBC3C2D5A1E8}
	EndProjectSection
EndProject
Project("{8BC9CEB8-8B4A-11D0-8D11-00A0C91BC942}") = "AppBasicExampleGui", "examples\BasicDemo\AppBasicExampleGui.vcxproj", "{AEB6FC95-84F6-34BD-AF59-03A0ACAF10C4}"
	ProjectSection(ProjectDependencies) = postProject
		{3AC662CE-45A5-3AA2-B240-99E47A9D1481} = {3AC662CE-45A5-3AA2-B240-99E47A9D1481}
		{E207494D-B6D8-3D0E-9579-8CB3305A06DE} = {E207494D-B6D8-3D0E-9579-8CB3305A06DE}
		{6B5131BE-EEFB-3715-884D-ED8DD2A9D2DA} = {6B5131BE-EEFB-3715-884D-ED8DD2A9D2DA}
		{971E764C-BA31-3641-AE0B-DDD144188918} = {971E764C-BA31-3641-AE0B-DDD144188918}
		{7B89CD6D-510F-33EA-8C54-9B6327DBE590} = {7B89CD6D-510F-33EA-8C54-9B6327DBE590}
		{B912900E-2482-3E15-8040-A69209AB34CF} = {B912900E-2482-3E15-8040-A69209AB34CF}
	EndProjectSection
EndProject
Project("{8BC9CEB8-8B4A-11D0-8D11-00A0C91BC942}") = "App_BasicExample", "examples\BasicDemo\App_BasicExample.vcxproj", "{807A4ED9-B158-3156-83BA-88C7E180E0D0}"
	ProjectSection(ProjectDependencies) = postProject
		{E207494D-B6D8-3D0E-9579-8CB3305A06DE} = {E207494D-B6D8-3D0E-9579-8CB3305A06DE}
		{6B5131BE-EEFB-3715-884D-ED8DD2A9D2DA} = {6B5131BE-EEFB-3715-884D-ED8DD2A9D2DA}
		{971E764C-BA31-3641-AE0B-DDD144188918} = {971E764C-BA31-3641-AE0B-DDD144188918}
		{B912900E-2482-3E15-8040-A69209AB34CF} = {B912900E-2482-3E15-8040-A69209AB34CF}
	EndProjectSection
EndProject
Project("{8BC9CEB8-8B4A-11D0-8D11-00A0C91BC942}") = "App_ExampleBrowser", "examples\ExampleBrowser\App_ExampleBrowser.vcxproj", "{AC8ADC93-6D0E-39F3-8F69-8B22871C5608}"
	ProjectSection(ProjectDependencies) = postProject
		{3AC662CE-45A5-3AA2-B240-99E47A9D1481} = {3AC662CE-45A5-3AA2-B240-99E47A9D1481}
		{E207494D-B6D8-3D0E-9579-8CB3305A06DE} = {E207494D-B6D8-3D0E-9579-8CB3305A06DE}
		{6B5131BE-EEFB-3715-884D-ED8DD2A9D2DA} = {6B5131BE-EEFB-3715-884D-ED8DD2A9D2DA}
		{CBBCAD27-2EBA-34CF-96B5-FA5485674607} = {CBBCAD27-2EBA-34CF-96B5-FA5485674607}
		{E8B0CEBC-FF10-302E-8D76-E0EF8DCB50F9} = {E8B0CEBC-FF10-302E-8D76-E0EF8DCB50F9}
		{B670ADB9-98F3-39FB-8DFB-F66458B7946C} = {B670ADB9-98F3-39FB-8DFB-F66458B7946C}
		{80220CD3-955E-3ABC-B40B-0CAE68CB29DE} = {80220CD3-955E-3ABC-B40B-0CAE68CB29DE}
		{EB86B9A2-81AA-3397-937B-9F453C5239FF} = {EB86B9A2-81AA-3397-937B-9F453C5239FF}
		{971E764C-BA31-3641-AE0B-DDD144188918} = {971E764C-BA31-3641-AE0B-DDD144188918}
		{7B89CD6D-510F-33EA-8C54-9B6327DBE590} = {7B89CD6D-510F-33EA-8C54-9B6327DBE590}
		{B912900E-2482-3E15-8040-A69209AB34CF} = {B912900E-2482-3E15-8040-A69209AB34CF}
		{05003EEB-EFDD-39A8-B6ED-FBC3C2D5A1E8} = {05003EEB-EFDD-39A8-B6ED-FBC3C2D5A1E8}
	EndProjectSection
EndProject
Project("{8BC9CEB8-8B4A-11D0-8D11-00A0C91BC942}") = "App_HelloWorld", "examples\HelloWorld\App_HelloWorld.vcxproj", "{FE00964C-924E-331B-A923-D349BEAA2868}"
	ProjectSection(ProjectDependencies) = postProject
		{E207494D-B6D8-3D0E-9579-8CB3305A06DE} = {E207494D-B6D8-3D0E-9579-8CB3305A06DE}
		{6B5131BE-EEFB-3715-884D-ED8DD2A9D2DA} = {6B5131BE-EEFB-3715-884D-ED8DD2A9D2DA}
		{971E764C-BA31-3641-AE0B-DDD144188918} = {971E764C-BA31-3641-AE0B-DDD144188918}
		{B912900E-2482-3E15-8040-A69209AB34CF} = {B912900E-2482-3E15-8040-A69209AB34CF}
	EndProjectSection
EndProject
Project("{8BC9CEB8-8B4A-11D0-8D11-00A0C91BC942}") = "App_SharedMemoryPhysics", "examples\SharedMemory\App_SharedMemoryPhysics.vcxproj", "{C3A0E51B-6ED5-3103-AE40-5406EE0DCDA5}"
	ProjectSection(ProjectDependencies) = postProject
		{3AC662CE-45A5-3AA2-B240-99E47A9D1481} = {3AC662CE-45A5-3AA2-B240-99E47A9D1481}
		{E207494D-B6D8-3D0E-9579-8CB3305A06DE} = {E207494D-B6D8-3D0E-9579-8CB3305A06DE}
		{6B5131BE-EEFB-3715-884D-ED8DD2A9D2DA} = {6B5131BE-EEFB-3715-884D-ED8DD2A9D2DA}
		{3E7C90B2-58D6-3890-BFDC-10812705AAB2} = {3E7C90B2-58D6-3890-BFDC-10812705AAB2}
		{E8B0CEBC-FF10-302E-8D76-E0EF8DCB50F9} = {E8B0CEBC-FF10-302E-8D76-E0EF8DCB50F9}
		{B670ADB9-98F3-39FB-8DFB-F66458B7946C} = {B670ADB9-98F3-39FB-8DFB-F66458B7946C}
		{25C65788-B7A5-3ABF-9C17-8517072E3732} = {25C65788-B7A5-3ABF-9C17-8517072E3732}
		{EB86B9A2-81AA-3397-937B-9F453C5239FF} = {EB86B9A2-81AA-3397-937B-9F453C5239FF}
		{971E764C-BA31-3641-AE0B-DDD144188918} = {971E764C-BA31-3641-AE0B-DDD144188918}
		{B912900E-2482-3E15-8040-A69209AB34CF} = {B912900E-2482-3E15-8040-A69209AB34CF}
	EndProjectSection
EndProject
Project("{8BC9CEB8-8B4A-11D0-8D11-00A0C91BC942}") = "App_SharedMemoryPhysics_GUI", "examples\SharedMemory\App_SharedMemoryPhysics_GUI.vcxproj", "{AA8C72ED-2943-3B13-B618-AB8F71D34A31}"
	ProjectSection(ProjectDependencies) = postProject
		{3AC662CE-45A5-3AA2-B240-99E47A9D1481} = {3AC662CE-45A5-3AA2-B240-99E47A9D1481}
		{E207494D-B6D8-3D0E-9579-8CB3305A06DE} = {E207494D-B6D8-3D0E-9579-8CB3305A06DE}
		{6B5131BE-EEFB-3715-884D-ED8DD2A9D2DA} = {6B5131BE-EEFB-3715-884D-ED8DD2A9D2DA}
		{3E7C90B2-58D6-3890-BFDC-10812705AAB2} = {3E7C90B2-58D6-3890-BFDC-10812705AAB2}
		{E8B0CEBC-FF10-302E-8D76-E0EF8DCB50F9} = {E8B0CEBC-FF10-302E-8D76-E0EF8DCB50F9}
		{B670ADB9-98F3-39FB-8DFB-F66458B7946C} = {B670ADB9-98F3-39FB-8DFB-F66458B7946C}
		{25C65788-B7A5-3ABF-9C17-8517072E3732} = {25C65788-B7A5-3ABF-9C17-8517072E3732}
		{EB86B9A2-81AA-3397-937B-9F453C5239FF} = {EB86B9A2-81AA-3397-937B-9F453C5239FF}
		{971E764C-BA31-3641-AE0B-DDD144188918} = {971E764C-BA31-3641-AE0B-DDD144188918}
		{7B89CD6D-510F-33EA-8C54-9B6327DBE590} = {7B89CD6D-510F-33EA-8C54-9B6327DBE590}
		{B912900E-2482-3E15-8040-A69209AB34CF} = {B912900E-2482-3E15-8040-A69209AB34CF}
	EndProjectSection
EndProject
Project("{8BC9CEB8-8B4A-11D0-8D11-00A0C91BC942}") = "App_SharedMemoryPhysics_VR", "examples\SharedMemory\App_SharedMemoryPhysics_VR.vcxproj", "{6002BAB6-C56E-3E17-9F34-FBA80EFAA513}"
	ProjectSection(ProjectDependencies) = postProject
		{3AC662CE-45A5-3AA2-B240-99E47A9D1481} = {3AC662CE-45A5-3AA2-B240-99E47A9D1481}
		{E207494D-B6D8-3D0E-9579-8CB3305A06DE} = {E207494D-B6D8-3D0E-9579-8CB3305A06DE}
		{6B5131BE-EEFB-3715-884D-ED8DD2A9D2DA} = {6B5131BE-EEFB-3715-884D-ED8DD2A9D2DA}
		{3E7C90B2-58D6-3890-BFDC-10812705AAB2} = {3E7C90B2-58D6-3890-BFDC-10812705AAB2}
		{E8B0CEBC-FF10-302E-8D76-E0EF8DCB50F9} = {E8B0CEBC-FF10-302E-8D76-E0EF8DCB50F9}
		{B670ADB9-98F3-39FB-8DFB-F66458B7946C} = {B670ADB9-98F3-39FB-8DFB-F66458B7946C}
		{25C65788-B7A5-3ABF-9C17-8517072E3732} = {25C65788-B7A5-3ABF-9C17-8517072E3732}
		{EB86B9A2-81AA-3397-937B-9F453C5239FF} = {EB86B9A2-81AA-3397-937B-9F453C5239FF}
		{971E764C-BA31-3641-AE0B-DDD144188918} = {971E764C-BA31-3641-AE0B-DDD144188918}
		{7B89CD6D-510F-33EA-8C54-9B6327DBE590} = {7B89CD6D-510F-33EA-8C54-9B6327DBE590}
		{B912900E-2482-3E15-8040-A69209AB34CF} = {B912900E-2482-3E15-8040-A69209AB34CF}
	EndProjectSection
EndProject
Project("{8BC9CEB8-8B4A-11D0-8D11-00A0C91BC942}") = "Bullet2FileLoader", "src\Bullet3Serialize\Bullet2FileLoader\Bullet2FileLoader.vcxproj", "{FF15E7DF-2D04-3035-93DD-88A2C2B06702}"
	ProjectSection(ProjectDependencies) = postProject
		{B912900E-2482-3E15-8040-A69209AB34CF} = {B912900E-2482-3E15-8040-A69209AB34CF}
	EndProjectSection
EndProject
Project("{8BC9CEB8-8B4A-11D0-8D11-00A0C91BC942}") = "Bullet3Collision", "src\Bullet3Collision\Bullet3Collision.vcxproj", "{8614BBF6-F303-3532-BB1A-B30EFAAB1396}"
	ProjectSection(ProjectDependencies) = postProject
		{B912900E-2482-3E15-8040-A69209AB34CF} = {B912900E-2482-3E15-8040-A69209AB34CF}
	EndProjectSection
EndProject
Project("{8BC9CEB8-8B4A-11D0-8D11-00A0C91BC942}") = "Bullet3Common", "src\Bullet3Common\Bullet3Common.vcxproj", "{3AC662CE-45A5-3AA2-B240-99E47A9D1481}"
	ProjectSection(ProjectDependencies) = postProject
		{B912900E-2482-3E15-8040-A69209AB34CF} = {B912900E-2482-3E15-8040-A69209AB34CF}
	EndProjectSection
EndProject
Project("{8BC9CEB8-8B4A-11D0-8D11-00A0C91BC942}") = "Bullet3Dynamics", "src\Bullet3Dynamics\Bullet3Dynamics.vcxproj", "{B2FFF69C-6D42-3B7E-8794-275A119236A8}"
	ProjectSection(ProjectDependencies) = postProject
		{B912900E-2482-3E15-8040-A69209AB34CF} = {B912900E-2482-3E15-8040-A69209AB34CF}
	EndProjectSection
EndProject
Project("{8BC9CEB8-8B4A-11D0-8D11-00A0C91BC942}") = "Bullet3Geometry", "src\Bullet3Geometry\Bullet3Geometry.vcxproj", "{A6826D4D-1917-34BB-8554-CC48BF9D2838}"
	ProjectSection(ProjectDependencies) = postProject
		{B912900E-2482-3E15-8040-A69209AB34CF} = {B912900E-2482-3E15-8040-A69209AB34CF}
	EndProjectSection
EndProject
Project("{8BC9CEB8-8B4A-11D0-8D11-00A0C91BC942}") = "Bullet3OpenCL_clew", "src\Bullet3OpenCL\Bullet3OpenCL_clew.vcxproj", "{DB6AE463-5945-30C7-AF5E-C51A19440356}"
	ProjectSection(ProjectDependencies) = postProject
		{B912900E-2482-3E15-8040-A69209AB34CF} = {B912900E-2482-3E15-8040-A69209AB34CF}
	EndProjectSection
EndProject
Project("{8BC9CEB8-8B4A-11D0-8D11-00A0C91BC942}") = "BulletCollision", "src\BulletCollision\BulletCollision.vcxproj", "{E207494D-B6D8-3D0E-9579-8CB3305A06DE}"
	ProjectSection(ProjectDependencies) = postProject
		{B912900E-2482-3E15-8040-A69209AB34CF} = {B912900E-2482-3E15-8040-A69209AB34CF}
	EndProjectSection
EndProject
Project("{8BC9CEB8-8B4A-11D0-8D11-00A0C91BC942}") = "BulletDynamics", "src\BulletDynamics\BulletDynamics.vcxproj", "{6B5131BE-EEFB-3715-884D-ED8DD2A9D2DA}"
	ProjectSection(ProjectDependencies) = postProject
		{B912900E-2482-3E15-8040-A69209AB34CF} = {B912900E-2482-3E15-8040-A69209AB34CF}
	EndProjectSection
EndProject
Project("{8BC9CEB8-8B4A-11D0-8D11-00A0C91BC942}") = "BulletExampleBrowserLib", "examples\ExampleBrowser\BulletExampleBrowserLib.vcxproj", "{CBBCAD27-2EBA-34CF-96B5-FA5485674607}"
	ProjectSection(ProjectDependencies) = postProject
		{B912900E-2482-3E15-8040-A69209AB34CF} = {B912900E-2482-3E15-8040-A69209AB34CF}
	EndProjectSection
EndProject
Project("{8BC9CEB8-8B4A-11D0-8D11-00A0C91BC942}") = "BulletFileLoader", "Extras\Serialize\BulletFileLoader\BulletFileLoader.vcxproj", "{3E7C90B2-58D6-3890-BFDC-10812705AAB2}"
	ProjectSection(ProjectDependencies) = postProject
		{B912900E-2482-3E15-8040-A69209AB34CF} = {B912900E-2482-3E15-8040-A69209AB34CF}
	EndProjectSection
EndProject
Project("{8BC9CEB8-8B4A-11D0-8D11-00A0C91BC942}") = "BulletInverseDynamics", "src\BulletInverseDynamics\BulletInverseDynamics.vcxproj", "{E8B0CEBC-FF10-302E-8D76-E0EF8DCB50F9}"
	ProjectSection(ProjectDependencies) = postProject
		{B912900E-2482-3E15-8040-A69209AB34CF} = {B912900E-2482-3E15-8040-A69209AB34CF}
	EndProjectSection
EndProject
Project("{8BC9CEB8-8B4A-11D0-8D11-00A0C91BC942}") = "BulletInverseDynamicsUtils", "Extras\InverseDynamics\BulletInverseDynamicsUtils.vcxproj", "{B670ADB9-98F3-39FB-8DFB-F66458B7946C}"
	ProjectSection(ProjectDependencies) = postProject
		{B912900E-2482-3E15-8040-A69209AB34CF} = {B912900E-2482-3E15-8040-A69209AB34CF}
	EndProjectSection
EndProject
Project("{8BC9CEB8-8B4A-11D0-8D11-00A0C91BC942}") = "BulletSoftBody", "src\BulletSoftBody\BulletSoftBody.vcxproj", "{80220CD3-955E-3ABC-B40B-0CAE68CB29DE}"
	ProjectSection(ProjectDependencies) = postProject
		{B912900E-2482-3E15-8040-A69209AB34CF} = {B912900E-2482-3E15-8040-A69209AB34CF}
	EndProjectSection
EndProject
Project("{8BC9CEB8-8B4A-11D0-8D11-00A0C91BC942}") = "BulletWorldImporter", "Extras\Serialize\BulletWorldImporter\BulletWorldImporter.vcxproj", "{25C65788-B7A5-3ABF-9C17-8517072E3732}"
	ProjectSection(ProjectDependencies) = postProject
		{B912900E-2482-3E15-8040-A69209AB34CF} = {B912900E-2482-3E15-8040-A69209AB34CF}
	EndProjectSection
EndProject
Project("{8BC9CEB8-8B4A-11D0-8D11-00A0C91BC942}") = "BulletXmlWorldImporter", "Extras\Serialize\BulletXmlWorldImporter\BulletXmlWorldImporter.vcxproj", "{9827028D-66AB-373E-970E-E8EE6F2B4A23}"
	ProjectSection(ProjectDependencies) = postProject
		{B912900E-2482-3E15-8040-A69209AB34CF} = {B912900E-2482-3E15-8040-A69209AB34CF}
	EndProjectSection
EndProject
Project("{8BC9CEB8-8B4A-11D0-8D11-00A0C91BC942}") = "BussIK", "examples\ThirdPartyLibs\BussIK\BussIK.vcxproj", "{EB86B9A2-81AA-3397-937B-9F453C5239FF}"
	ProjectSection(ProjectDependencies) = postProject
		{B912900E-2482-3E15-8040-A69209AB34CF} = {B912900E-2482-3E15-8040-A69209AB34CF}
	EndProjectSection
EndProject
Project("{8BC9CEB8-8B4A-11D0-8D11-00A0C91BC942}") = "ConvexDecomposition", "Extras\ConvexDecomposition\ConvexDecomposition.vcxproj", "{5E08DDAE-FAD2-3929-ACFC-DF64723FA542}"
	ProjectSection(ProjectDependencies) = postProject
		{B912900E-2482-3E15-8040-A69209AB34CF} = {B912900E-2482-3E15-8040-A69209AB34CF}
	EndProjectSection
EndProject
Project("{8BC9CEB8-8B4A-11D0-8D11-00A0C91BC942}") = "GIMPACTUtils", "Extras\GIMPACTUtils\GIMPACTUtils.vcxproj", "{8B2293E1-4310-3A7B-AFDC-C4267E60E3E5}"
	ProjectSection(ProjectDependencies) = postProject
		{B912900E-2482-3E15-8040-A69209AB34CF} = {B912900E-2482-3E15-8040-A69209AB34CF}
	EndProjectSection
EndProject
Project("{8BC9CEB8-8B4A-11D0-8D11-00A0C91BC942}") = "HACD", "Extras\HACD\HACD.vcxproj", "{36E4550F-4243-336D-B36F-A6813B36E87D}"
	ProjectSection(ProjectDependencies) = postProject
		{B912900E-2482-3E15-8040-A69209AB34CF} = {B912900E-2482-3E15-8040-A69209AB34CF}
	EndProjectSection
EndProject
Project("{8BC9CEB8-8B4A-11D0-8D11-00A0C91BC942}") = "INSTALL", "INSTALL.vcxproj", "{4C105D71-E64B-3B9D-8425-4476D3E776A2}"
	ProjectSection(ProjectDependencies) = postProject
		{289E690D-1748-3C46-856E-098DD32BE2FD} = {289E690D-1748-3C46-856E-098DD32BE2FD}
		{B912900E-2482-3E15-8040-A69209AB34CF} = {B912900E-2482-3E15-8040-A69209AB34CF}
	EndProjectSection
EndProject
Project("{8BC9CEB8-8B4A-11D0-8D11-00A0C91BC942}") = "LinearMath", "src\LinearMath\LinearMath.vcxproj", "{971E764C-BA31-3641-AE0B-DDD144188918}"
	ProjectSection(ProjectDependencies) = postProject
		{B912900E-2482-3E15-8040-A69209AB34CF} = {B912900E-2482-3E15-8040-A69209AB34CF}
	EndProjectSection
EndProject
Project("{8BC9CEB8-8B4A-11D0-8D11-00A0C91BC942}") = "OpenGLWindow", "examples\OpenGLWindow\OpenGLWindow.vcxproj", "{7B89CD6D-510F-33EA-8C54-9B6327DBE590}"
	ProjectSection(ProjectDependencies) = postProject
		{B912900E-2482-3E15-8040-A69209AB34CF} = {B912900E-2482-3E15-8040-A69209AB34CF}
	EndProjectSection
EndProject
Project("{8BC9CEB8-8B4A-11D0-8D11-00A0C91BC942}") = "RUN_TESTS", "RUN_TESTS.vcxproj", "{D4C18C90-8E6F-3870-B752-B33F0258501B}"
	ProjectSection(ProjectDependencies) = postProject
		{B912900E-2482-3E15-8040-A69209AB34CF} = {B912900E-2482-3E15-8040-A69209AB34CF}
	EndProjectSection
EndProject
Project("{8BC9CEB8-8B4A-11D0-8D11-00A0C91BC942}") = "Test_BulletDynamics", "test\BulletDynamics\pendulum\Test_BulletDynamics.vcxproj", "{BEBC75FF-6775-3A0F-A3AB-A2DF8552DBDE}"
	ProjectSection(ProjectDependencies) = postProject
		{E207494D-B6D8-3D0E-9579-8CB3305A06DE} = {E207494D-B6D8-3D0E-9579-8CB3305A06DE}
		{6B5131BE-EEFB-3715-884D-ED8DD2A9D2DA} = {6B5131BE-EEFB-3715-884D-ED8DD2A9D2DA}
		{971E764C-BA31-3641-AE0B-DDD144188918} = {971E764C-BA31-3641-AE0B-DDD144188918}
		{B912900E-2482-3E15-8040-A69209AB34CF} = {B912900E-2482-3E15-8040-A69209AB34CF}
		{3FCCA5D5-93AB-347F-956C-DF933D1835B6} = {3FCCA5D5-93AB-347F-956C-DF933D1835B6}
	EndProjectSection
EndProject
Project("{8BC9CEB8-8B4A-11D0-8D11-00A0C91BC942}") = "Test_BulletInverseDynamics", "test\InverseDynamics\Test_BulletInverseDynamics.vcxproj", "{A1367E7D-C8EC-35C3-9E43-9866AD36E4D7}"
	ProjectSection(ProjectDependencies) = postProject
		{3AC662CE-45A5-3AA2-B240-99E47A9D1481} = {3AC662CE-45A5-3AA2-B240-99E47A9D1481}
		{E207494D-B6D8-3D0E-9579-8CB3305A06DE} = {E207494D-B6D8-3D0E-9579-8CB3305A06DE}
		{6B5131BE-EEFB-3715-884D-ED8DD2A9D2DA} = {6B5131BE-EEFB-3715-884D-ED8DD2A9D2DA}
		{E8B0CEBC-FF10-302E-8D76-E0EF8DCB50F9} = {E8B0CEBC-FF10-302E-8D76-E0EF8DCB50F9}
		{B670ADB9-98F3-39FB-8DFB-F66458B7946C} = {B670ADB9-98F3-39FB-8DFB-F66458B7946C}
		{971E764C-BA31-3641-AE0B-DDD144188918} = {971E764C-BA31-3641-AE0B-DDD144188918}
		{B912900E-2482-3E15-8040-A69209AB34CF} = {B912900E-2482-3E15-8040-A69209AB34CF}
		{3FCCA5D5-93AB-347F-956C-DF933D1835B6} = {3FCCA5D5-93AB-347F-956C-DF933D1835B6}
	EndProjectSection
EndProject
Project("{8BC9CEB8-8B4A-11D0-8D11-00A0C91BC942}") = "Test_BulletInverseDynamicsJacobian", "test\InverseDynamics\Test_BulletInverseDynamicsJacobian.vcxproj", "{F6225418-7E6B-31AE-A264-E87B4FDDCCC4}"
	ProjectSection(ProjectDependencies) = postProject
		{3AC662CE-45A5-3AA2-B240-99E47A9D1481} = {3AC662CE-45A5-3AA2-B240-99E47A9D1481}
		{E8B0CEBC-FF10-302E-8D76-E0EF8DCB50F9} = {E8B0CEBC-FF10-302E-8D76-E0EF8DCB50F9}
		{B670ADB9-98F3-39FB-8DFB-F66458B7946C} = {B670ADB9-98F3-39FB-8DFB-F66458B7946C}
		{971E764C-BA31-3641-AE0B-DDD144188918} = {971E764C-BA31-3641-AE0B-DDD144188918}
		{B912900E-2482-3E15-8040-A69209AB34CF} = {B912900E-2482-3E15-8040-A69209AB34CF}
		{3FCCA5D5-93AB-347F-956C-DF933D1835B6} = {3FCCA5D5-93AB-347F-956C-DF933D1835B6}
	EndProjectSection
EndProject
Project("{8BC9CEB8-8B4A-11D0-8D11-00A0C91BC942}") = "Test_BulletInverseForwardDynamics", "test\InverseDynamics\Test_BulletInverseForwardDynamics.vcxproj", "{77F29F80-EA4E-3ACF-9CB0-2DDF993F5D60}"
	ProjectSection(ProjectDependencies) = postProject
		{3AC662CE-45A5-3AA2-B240-99E47A9D1481} = {3AC662CE-45A5-3AA2-B240-99E47A9D1481}
		{E207494D-B6D8-3D0E-9579-8CB3305A06DE} = {E207494D-B6D8-3D0E-9579-8CB3305A06DE}
		{6B5131BE-EEFB-3715-884D-ED8DD2A9D2DA} = {6B5131BE-EEFB-3715-884D-ED8DD2A9D2DA}
		{E8B0CEBC-FF10-302E-8D76-E0EF8DCB50F9} = {E8B0CEBC-FF10-302E-8D76-E0EF8DCB50F9}
		{B670ADB9-98F3-39FB-8DFB-F66458B7946C} = {B670ADB9-98F3-39FB-8DFB-F66458B7946C}
		{971E764C-BA31-3641-AE0B-DDD144188918} = {971E764C-BA31-3641-AE0B-DDD144188918}
		{B912900E-2482-3E15-8040-A69209AB34CF} = {B912900E-2482-3E15-8040-A69209AB34CF}
		{3FCCA5D5-93AB-347F-956C-DF933D1835B6} = {3FCCA5D5-93AB-347F-956C-DF933D1835B6}
	EndProjectSection
EndProject
Project("{8BC9CEB8-8B4A-11D0-8D11-00A0C91BC942}") = "Test_Collision", "test\collision\Test_Collision.vcxproj", "{B67273B6-072B-3557-9E08-CA08AF767AAC}"
	ProjectSection(ProjectDependencies) = postProject
		{971E764C-BA31-3641-AE0B-DDD144188918} = {971E764C-BA31-3641-AE0B-DDD144188918}
		{B912900E-2482-3E15-8040-A69209AB34CF} = {B912900E-2482-3E15-8040-A69209AB34CF}
		{3FCCA5D5-93AB-347F-956C-DF933D1835B6} = {3FCCA5D5-93AB-347F-956C-DF933D1835B6}
	EndProjectSection
EndProject
Project("{8BC9CEB8-8B4A-11D0-8D11-00A0C91BC942}") = "Test_PhysicsClientServer", "test\SharedMemory\Test_PhysicsClientServer.vcxproj", "{C341B0EF-B7EB-39BD-81A5-079477BE8C37}"
	ProjectSection(ProjectDependencies) = postProject
		{3AC662CE-45A5-3AA2-B240-99E47A9D1481} = {3AC662CE-45A5-3AA2-B240-99E47A9D1481}
		{E207494D-B6D8-3D0E-9579-8CB3305A06DE} = {E207494D-B6D8-3D0E-9579-8CB3305A06DE}
		{6B5131BE-EEFB-3715-884D-ED8DD2A9D2DA} = {6B5131BE-EEFB-3715-884D-ED8DD2A9D2DA}
		{3E7C90B2-58D6-3890-BFDC-10812705AAB2} = {3E7C90B2-58D6-3890-BFDC-10812705AAB2}
		{E8B0CEBC-FF10-302E-8D76-E0EF8DCB50F9} = {E8B0CEBC-FF10-302E-8D76-E0EF8DCB50F9}
		{B670ADB9-98F3-39FB-8DFB-F66458B7946C} = {B670ADB9-98F3-39FB-8DFB-F66458B7946C}
		{25C65788-B7A5-3ABF-9C17-8517072E3732} = {25C65788-B7A5-3ABF-9C17-8517072E3732}
		{EB86B9A2-81AA-3397-937B-9F453C5239FF} = {EB86B9A2-81AA-3397-937B-9F453C5239FF}
		{971E764C-BA31-3641-AE0B-DDD144188918} = {971E764C-BA31-3641-AE0B-DDD144188918}
		{B912900E-2482-3E15-8040-A69209AB34CF} = {B912900E-2482-3E15-8040-A69209AB34CF}
		{3FCCA5D5-93AB-347F-956C-DF933D1835B6} = {3FCCA5D5-93AB-347F-956C-DF933D1835B6}
	EndProjectSection
EndProject
Project("{8BC9CEB8-8B4A-11D0-8D11-00A0C91BC942}") = "ZERO_CHECK", "ZERO_CHECK.vcxproj", "{B912900E-2482-3E15-8040-A69209AB34CF}"
	ProjectSection(ProjectDependencies) = postProject
	EndProjectSection
EndProject
Project("{8BC9CEB8-8B4A-11D0-8D11-00A0C91BC942}") = "gtest", "test\gtest-1.7.0\gtest.vcxproj", "{3FCCA5D5-93AB-347F-956C-DF933D1835B6}"
	ProjectSection(ProjectDependencies) = postProject
		{B912900E-2482-3E15-8040-A69209AB34CF} = {B912900E-2482-3E15-8040-A69209AB34CF}
	EndProjectSection
EndProject
Project("{8BC9CEB8-8B4A-11D0-8D11-00A0C91BC942}") = "gwen", "examples\ThirdPartyLibs\Gwen\gwen.vcxproj", "{05003EEB-EFDD-39A8-B6ED-FBC3C2D5A1E8}"
	ProjectSection(ProjectDependencies) = postProject
		{B912900E-2482-3E15-8040-A69209AB34CF} = {B912900E-2482-3E15-8040-A69209AB34CF}
	EndProjectSection
EndProject
Global
	GlobalSection(SolutionConfigurationPlatforms) = preSolution
		Debug|Win32 = Debug|Win32
		Release|Win32 = Release|Win32
		MinSizeRel|Win32 = MinSizeRel|Win32
		RelWithDebInfo|Win32 = RelWithDebInfo|Win32
	EndGlobalSection
	GlobalSection(ProjectConfigurationPlatforms) = postSolution
		{289E690D-1748-3C46-856E-098DD32BE2FD}.Debug|Win32.ActiveCfg = Debug|Win32
		{289E690D-1748-3C46-856E-098DD32BE2FD}.Debug|Win32.Build.0 = Debug|Win32
		{289E690D-1748-3C46-856E-098DD32BE2FD}.Release|Win32.ActiveCfg = Release|Win32
		{289E690D-1748-3C46-856E-098DD32BE2FD}.Release|Win32.Build.0 = Release|Win32
		{289E690D-1748-3C46-856E-098DD32BE2FD}.MinSizeRel|Win32.ActiveCfg = MinSizeRel|Win32
		{289E690D-1748-3C46-856E-098DD32BE2FD}.MinSizeRel|Win32.Build.0 = MinSizeRel|Win32
		{289E690D-1748-3C46-856E-098DD32BE2FD}.RelWithDebInfo|Win32.ActiveCfg = RelWithDebInfo|Win32
		{289E690D-1748-3C46-856E-098DD32BE2FD}.RelWithDebInfo|Win32.Build.0 = RelWithDebInfo|Win32
		{AEB6FC95-84F6-34BD-AF59-03A0ACAF10C4}.Debug|Win32.ActiveCfg = Debug|Win32
		{AEB6FC95-84F6-34BD-AF59-03A0ACAF10C4}.Debug|Win32.Build.0 = Debug|Win32
		{AEB6FC95-84F6-34BD-AF59-03A0ACAF10C4}.Release|Win32.ActiveCfg = Release|Win32
		{AEB6FC95-84F6-34BD-AF59-03A0ACAF10C4}.Release|Win32.Build.0 = Release|Win32
		{AEB6FC95-84F6-34BD-AF59-03A0ACAF10C4}.MinSizeRel|Win32.ActiveCfg = MinSizeRel|Win32
		{AEB6FC95-84F6-34BD-AF59-03A0ACAF10C4}.MinSizeRel|Win32.Build.0 = MinSizeRel|Win32
		{AEB6FC95-84F6-34BD-AF59-03A0ACAF10C4}.RelWithDebInfo|Win32.ActiveCfg = RelWithDebInfo|Win32
		{AEB6FC95-84F6-34BD-AF59-03A0ACAF10C4}.RelWithDebInfo|Win32.Build.0 = RelWithDebInfo|Win32
		{807A4ED9-B158-3156-83BA-88C7E180E0D0}.Debug|Win32.ActiveCfg = Debug|Win32
		{807A4ED9-B158-3156-83BA-88C7E180E0D0}.Debug|Win32.Build.0 = Debug|Win32
		{807A4ED9-B158-3156-83BA-88C7E180E0D0}.Release|Win32.ActiveCfg = Release|Win32
		{807A4ED9-B158-3156-83BA-88C7E180E0D0}.Release|Win32.Build.0 = Release|Win32
		{807A4ED9-B158-3156-83BA-88C7E180E0D0}.MinSizeRel|Win32.ActiveCfg = MinSizeRel|Win32
		{807A4ED9-B158-3156-83BA-88C7E180E0D0}.MinSizeRel|Win32.Build.0 = MinSizeRel|Win32
		{807A4ED9-B158-3156-83BA-88C7E180E0D0}.RelWithDebInfo|Win32.ActiveCfg = RelWithDebInfo|Win32
		{807A4ED9-B158-3156-83BA-88C7E180E0D0}.RelWithDebInfo|Win32.Build.0 = RelWithDebInfo|Win32
		{AC8ADC93-6D0E-39F3-8F69-8B22871C5608}.Debug|Win32.ActiveCfg = Debug|Win32
		{AC8ADC93-6D0E-39F3-8F69-8B22871C5608}.Debug|Win32.Build.0 = Debug|Win32
		{AC8ADC93-6D0E-39F3-8F69-8B22871C5608}.Release|Win32.ActiveCfg = Release|Win32
		{AC8ADC93-6D0E-39F3-8F69-8B22871C5608}.Release|Win32.Build.0 = Release|Win32
		{AC8ADC93-6D0E-39F3-8F69-8B22871C5608}.MinSizeRel|Win32.ActiveCfg = MinSizeRel|Win32
		{AC8ADC93-6D0E-39F3-8F69-8B22871C5608}.MinSizeRel|Win32.Build.0 = MinSizeRel|Win32
		{AC8ADC93-6D0E-39F3-8F69-8B22871C5608}.RelWithDebInfo|Win32.ActiveCfg = RelWithDebInfo|Win32
		{AC8ADC93-6D0E-39F3-8F69-8B22871C5608}.RelWithDebInfo|Win32.Build.0 = RelWithDebInfo|Win32
		{FE00964C-924E-331B-A923-D349BEAA2868}.Debug|Win32.ActiveCfg = Debug|Win32
		{FE00964C-924E-331B-A923-D349BEAA2868}.Debug|Win32.Build.0 = Debug|Win32
		{FE00964C-924E-331B-A923-D349BEAA2868}.Release|Win32.ActiveCfg = Release|Win32
		{FE00964C-924E-331B-A923-D349BEAA2868}.Release|Win32.Build.0 = Release|Win32
		{FE00964C-924E-331B-A923-D349BEAA2868}.MinSizeRel|Win32.ActiveCfg = MinSizeRel|Win32
		{FE00964C-924E-331B-A923-D349BEAA2868}.MinSizeRel|Win32.Build.0 = MinSizeRel|Win32
		{FE00964C-924E-331B-A923-D349BEAA2868}.RelWithDebInfo|Win32.ActiveCfg = RelWithDebInfo|Win32
		{FE00964C-924E-331B-A923-D349BEAA2868}.RelWithDebInfo|Win32.Build.0 = RelWithDebInfo|Win32
		{C3A0E51B-6ED5-3103-AE40-5406EE0DCDA5}.Debug|Win32.ActiveCfg = Debug|Win32
		{C3A0E51B-6ED5-3103-AE40-5406EE0DCDA5}.Debug|Win32.Build.0 = Debug|Win32
		{C3A0E51B-6ED5-3103-AE40-5406EE0DCDA5}.Release|Win32.ActiveCfg = Release|Win32
		{C3A0E51B-6ED5-3103-AE40-5406EE0DCDA5}.Release|Win32.Build.0 = Release|Win32
		{C3A0E51B-6ED5-3103-AE40-5406EE0DCDA5}.MinSizeRel|Win32.ActiveCfg = MinSizeRel|Win32
		{C3A0E51B-6ED5-3103-AE40-5406EE0DCDA5}.MinSizeRel|Win32.Build.0 = MinSizeRel|Win32
		{C3A0E51B-6ED5-3103-AE40-5406EE0DCDA5}.RelWithDebInfo|Win32.ActiveCfg = RelWithDebInfo|Win32
		{C3A0E51B-6ED5-3103-AE40-5406EE0DCDA5}.RelWithDebInfo|Win32.Build.0 = RelWithDebInfo|Win32
		{AA8C72ED-2943-3B13-B618-AB8F71D34A31}.Debug|Win32.ActiveCfg = Debug|Win32
		{AA8C72ED-2943-3B13-B618-AB8F71D34A31}.Debug|Win32.Build.0 = Debug|Win32
		{AA8C72ED-2943-3B13-B618-AB8F71D34A31}.Release|Win32.ActiveCfg = Release|Win32
		{AA8C72ED-2943-3B13-B618-AB8F71D34A31}.Release|Win32.Build.0 = Release|Win32
		{AA8C72ED-2943-3B13-B618-AB8F71D34A31}.MinSizeRel|Win32.ActiveCfg = MinSizeRel|Win32
		{AA8C72ED-2943-3B13-B618-AB8F71D34A31}.MinSizeRel|Win32.Build.0 = MinSizeRel|Win32
		{AA8C72ED-2943-3B13-B618-AB8F71D34A31}.RelWithDebInfo|Win32.ActiveCfg = RelWithDebInfo|Win32
		{AA8C72ED-2943-3B13-B618-AB8F71D34A31}.RelWithDebInfo|Win32.Build.0 = RelWithDebInfo|Win32
		{6002BAB6-C56E-3E17-9F34-FBA80EFAA513}.Debug|Win32.ActiveCfg = Debug|Win32
		{6002BAB6-C56E-3E17-9F34-FBA80EFAA513}.Debug|Win32.Build.0 = Debug|Win32
		{6002BAB6-C56E-3E17-9F34-FBA80EFAA513}.Release|Win32.ActiveCfg = Release|Win32
		{6002BAB6-C56E-3E17-9F34-FBA80EFAA513}.Release|Win32.Build.0 = Release|Win32
		{6002BAB6-C56E-3E17-9F34-FBA80EFAA513}.MinSizeRel|Win32.ActiveCfg = MinSizeRel|Win32
		{6002BAB6-C56E-3E17-9F34-FBA80EFAA513}.MinSizeRel|Win32.Build.0 = MinSizeRel|Win32
		{6002BAB6-C56E-3E17-9F34-FBA80EFAA513}.RelWithDebInfo|Win32.ActiveCfg = RelWithDebInfo|Win32
		{6002BAB6-C56E-3E17-9F34-FBA80EFAA513}.RelWithDebInfo|Win32.Build.0 = RelWithDebInfo|Win32
		{FF15E7DF-2D04-3035-93DD-88A2C2B06702}.Debug|Win32.ActiveCfg = Debug|Win32
		{FF15E7DF-2D04-3035-93DD-88A2C2B06702}.Debug|Win32.Build.0 = Debug|Win32
		{FF15E7DF-2D04-3035-93DD-88A2C2B06702}.Release|Win32.ActiveCfg = Release|Win32
		{FF15E7DF-2D04-3035-93DD-88A2C2B06702}.Release|Win32.Build.0 = Release|Win32
		{FF15E7DF-2D04-3035-93DD-88A2C2B06702}.MinSizeRel|Win32.ActiveCfg = MinSizeRel|Win32
		{FF15E7DF-2D04-3035-93DD-88A2C2B06702}.MinSizeRel|Win32.Build.0 = MinSizeRel|Win32
		{FF15E7DF-2D04-3035-93DD-88A2C2B06702}.RelWithDebInfo|Win32.ActiveCfg = RelWithDebInfo|Win32
		{FF15E7DF-2D04-3035-93DD-88A2C2B06702}.RelWithDebInfo|Win32.Build.0 = RelWithDebInfo|Win32
		{8614BBF6-F303-3532-BB1A-B30EFAAB1396}.Debug|Win32.ActiveCfg = Debug|Win32
		{8614BBF6-F303-3532-BB1A-B30EFAAB1396}.Debug|Win32.Build.0 = Debug|Win32
		{8614BBF6-F303-3532-BB1A-B30EFAAB1396}.Release|Win32.ActiveCfg = Release|Win32
		{8614BBF6-F303-3532-BB1A-B30EFAAB1396}.Release|Win32.Build.0 = Release|Win32
		{8614BBF6-F303-3532-BB1A-B30EFAAB1396}.MinSizeRel|Win32.ActiveCfg = MinSizeRel|Win32
		{8614BBF6-F303-3532-BB1A-B30EFAAB1396}.MinSizeRel|Win32.Build.0 = MinSizeRel|Win32
		{8614BBF6-F303-3532-BB1A-B30EFAAB1396}.RelWithDebInfo|Win32.ActiveCfg = RelWithDebInfo|Win32
		{8614BBF6-F303-3532-BB1A-B30EFAAB1396}.RelWithDebInfo|Win32.Build.0 = RelWithDebInfo|Win32
		{3AC662CE-45A5-3AA2-B240-99E47A9D1481}.Debug|Win32.ActiveCfg = Debug|Win32
		{3AC662CE-45A5-3AA2-B240-99E47A9D1481}.Debug|Win32.Build.0 = Debug|Win32
		{3AC662CE-45A5-3AA2-B240-99E47A9D1481}.Release|Win32.ActiveCfg = Release|Win32
		{3AC662CE-45A5-3AA2-B240-99E47A9D1481}.Release|Win32.Build.0 = Release|Win32
		{3AC662CE-45A5-3AA2-B240-99E47A9D1481}.MinSizeRel|Win32.ActiveCfg = MinSizeRel|Win32
		{3AC662CE-45A5-3AA2-B240-99E47A9D1481}.MinSizeRel|Win32.Build.0 = MinSizeRel|Win32
		{3AC662CE-45A5-3AA2-B240-99E47A9D1481}.RelWithDebInfo|Win32.ActiveCfg = RelWithDebInfo|Win32
		{3AC662CE-45A5-3AA2-B240-99E47A9D1481}.RelWithDebInfo|Win32.Build.0 = RelWithDebInfo|Win32
		{B2FFF69C-6D42-3B7E-8794-275A119236A8}.Debug|Win32.ActiveCfg = Debug|Win32
		{B2FFF69C-6D42-3B7E-8794-275A119236A8}.Debug|Win32.Build.0 = Debug|Win32
		{B2FFF69C-6D42-3B7E-8794-275A119236A8}.Release|Win32.ActiveCfg = Release|Win32
		{B2FFF69C-6D42-3B7E-8794-275A119236A8}.Release|Win32.Build.0 = Release|Win32
		{B2FFF69C-6D42-3B7E-8794-275A119236A8}.MinSizeRel|Win32.ActiveCfg = MinSizeRel|Win32
		{B2FFF69C-6D42-3B7E-8794-275A119236A8}.MinSizeRel|Win32.Build.0 = MinSizeRel|Win32
		{B2FFF69C-6D42-3B7E-8794-275A119236A8}.RelWithDebInfo|Win32.ActiveCfg = RelWithDebInfo|Win32
		{B2FFF69C-6D42-3B7E-8794-275A119236A8}.RelWithDebInfo|Win32.Build.0 = RelWithDebInfo|Win32
		{A6826D4D-1917-34BB-8554-CC48BF9D2838}.Debug|Win32.ActiveCfg = Debug|Win32
		{A6826D4D-1917-34BB-8554-CC48BF9D2838}.Debug|Win32.Build.0 = Debug|Win32
		{A6826D4D-1917-34BB-8554-CC48BF9D2838}.Release|Win32.ActiveCfg = Release|Win32
		{A6826D4D-1917-34BB-8554-CC48BF9D2838}.Release|Win32.Build.0 = Release|Win32
		{A6826D4D-1917-34BB-8554-CC48BF9D2838}.MinSizeRel|Win32.ActiveCfg = MinSizeRel|Win32
		{A6826D4D-1917-34BB-8554-CC48BF9D2838}.MinSizeRel|Win32.Build.0 = MinSizeRel|Win32
		{A6826D4D-1917-34BB-8554-CC48BF9D2838}.RelWithDebInfo|Win32.ActiveCfg = RelWithDebInfo|Win32
		{A6826D4D-1917-34BB-8554-CC48BF9D2838}.RelWithDebInfo|Win32.Build.0 = RelWithDebInfo|Win32
		{DB6AE463-5945-30C7-AF5E-C51A19440356}.Debug|Win32.ActiveCfg = Debug|Win32
		{DB6AE463-5945-30C7-AF5E-C51A19440356}.Debug|Win32.Build.0 = Debug|Win32
		{DB6AE463-5945-30C7-AF5E-C51A19440356}.Release|Win32.ActiveCfg = Release|Win32
		{DB6AE463-5945-30C7-AF5E-C51A19440356}.Release|Win32.Build.0 = Release|Win32
		{DB6AE463-5945-30C7-AF5E-C51A19440356}.MinSizeRel|Win32.ActiveCfg = MinSizeRel|Win32
		{DB6AE463-5945-30C7-AF5E-C51A19440356}.MinSizeRel|Win32.Build.0 = MinSizeRel|Win32
		{DB6AE463-5945-30C7-AF5E-C51A19440356}.RelWithDebInfo|Win32.ActiveCfg = RelWithDebInfo|Win32
		{DB6AE463-5945-30C7-AF5E-C51A19440356}.RelWithDebInfo|Win32.Build.0 = RelWithDebInfo|Win32
		{E207494D-B6D8-3D0E-9579-8CB3305A06DE}.Debug|Win32.ActiveCfg = Debug|Win32
		{E207494D-B6D8-3D0E-9579-8CB3305A06DE}.Debug|Win32.Build.0 = Debug|Win32
		{E207494D-B6D8-3D0E-9579-8CB3305A06DE}.Release|Win32.ActiveCfg = Release|Win32
		{E207494D-B6D8-3D0E-9579-8CB3305A06DE}.Release|Win32.Build.0 = Release|Win32
		{E207494D-B6D8-3D0E-9579-8CB3305A06DE}.MinSizeRel|Win32.ActiveCfg = MinSizeRel|Win32
		{E207494D-B6D8-3D0E-9579-8CB3305A06DE}.MinSizeRel|Win32.Build.0 = MinSizeRel|Win32
		{E207494D-B6D8-3D0E-9579-8CB3305A06DE}.RelWithDebInfo|Win32.ActiveCfg = RelWithDebInfo|Win32
		{E207494D-B6D8-3D0E-9579-8CB3305A06DE}.RelWithDebInfo|Win32.Build.0 = RelWithDebInfo|Win32
		{6B5131BE-EEFB-3715-884D-ED8DD2A9D2DA}.Debug|Win32.ActiveCfg = Debug|Win32
		{6B5131BE-EEFB-3715-884D-ED8DD2A9D2DA}.Debug|Win32.Build.0 = Debug|Win32
		{6B5131BE-EEFB-3715-884D-ED8DD2A9D2DA}.Release|Win32.ActiveCfg = Release|Win32
		{6B5131BE-EEFB-3715-884D-ED8DD2A9D2DA}.Release|Win32.Build.0 = Release|Win32
		{6B5131BE-EEFB-3715-884D-ED8DD2A9D2DA}.MinSizeRel|Win32.ActiveCfg = MinSizeRel|Win32
		{6B5131BE-EEFB-3715-884D-ED8DD2A9D2DA}.MinSizeRel|Win32.Build.0 = MinSizeRel|Win32
		{6B5131BE-EEFB-3715-884D-ED8DD2A9D2DA}.RelWithDebInfo|Win32.ActiveCfg = RelWithDebInfo|Win32
		{6B5131BE-EEFB-3715-884D-ED8DD2A9D2DA}.RelWithDebInfo|Win32.Build.0 = RelWithDebInfo|Win32
		{CBBCAD27-2EBA-34CF-96B5-FA5485674607}.Debug|Win32.ActiveCfg = Debug|Win32
		{CBBCAD27-2EBA-34CF-96B5-FA5485674607}.Debug|Win32.Build.0 = Debug|Win32
		{CBBCAD27-2EBA-34CF-96B5-FA5485674607}.Release|Win32.ActiveCfg = Release|Win32
		{CBBCAD27-2EBA-34CF-96B5-FA5485674607}.Release|Win32.Build.0 = Release|Win32
		{CBBCAD27-2EBA-34CF-96B5-FA5485674607}.MinSizeRel|Win32.ActiveCfg = MinSizeRel|Win32
		{CBBCAD27-2EBA-34CF-96B5-FA5485674607}.MinSizeRel|Win32.Build.0 = MinSizeRel|Win32
		{CBBCAD27-2EBA-34CF-96B5-FA5485674607}.RelWithDebInfo|Win32.ActiveCfg = RelWithDebInfo|Win32
		{CBBCAD27-2EBA-34CF-96B5-FA5485674607}.RelWithDebInfo|Win32.Build.0 = RelWithDebInfo|Win32
		{3E7C90B2-58D6-3890-BFDC-10812705AAB2}.Debug|Win32.ActiveCfg = Debug|Win32
		{3E7C90B2-58D6-3890-BFDC-10812705AAB2}.Debug|Win32.Build.0 = Debug|Win32
		{3E7C90B2-58D6-3890-BFDC-10812705AAB2}.Release|Win32.ActiveCfg = Release|Win32
		{3E7C90B2-58D6-3890-BFDC-10812705AAB2}.Release|Win32.Build.0 = Release|Win32
		{3E7C90B2-58D6-3890-BFDC-10812705AAB2}.MinSizeRel|Win32.ActiveCfg = MinSizeRel|Win32
		{3E7C90B2-58D6-3890-BFDC-10812705AAB2}.MinSizeRel|Win32.Build.0 = MinSizeRel|Win32
		{3E7C90B2-58D6-3890-BFDC-10812705AAB2}.RelWithDebInfo|Win32.ActiveCfg = RelWithDebInfo|Win32
		{3E7C90B2-58D6-3890-BFDC-10812705AAB2}.RelWithDebInfo|Win32.Build.0 = RelWithDebInfo|Win32
		{E8B0CEBC-FF10-302E-8D76-E0EF8DCB50F9}.Debug|Win32.ActiveCfg = Debug|Win32
		{E8B0CEBC-FF10-302E-8D76-E0EF8DCB50F9}.Debug|Win32.Build.0 = Debug|Win32
		{E8B0CEBC-FF10-302E-8D76-E0EF8DCB50F9}.Release|Win32.ActiveCfg = Release|Win32
		{E8B0CEBC-FF10-302E-8D76-E0EF8DCB50F9}.Release|Win32.Build.0 = Release|Win32
		{E8B0CEBC-FF10-302E-8D76-E0EF8DCB50F9}.MinSizeRel|Win32.ActiveCfg = MinSizeRel|Win32
		{E8B0CEBC-FF10-302E-8D76-E0EF8DCB50F9}.MinSizeRel|Win32.Build.0 = MinSizeRel|Win32
		{E8B0CEBC-FF10-302E-8D76-E0EF8DCB50F9}.RelWithDebInfo|Win32.ActiveCfg = RelWithDebInfo|Win32
		{E8B0CEBC-FF10-302E-8D76-E0EF8DCB50F9}.RelWithDebInfo|Win32.Build.0 = RelWithDebInfo|Win32
		{B670ADB9-98F3-39FB-8DFB-F66458B7946C}.Debug|Win32.ActiveCfg = Debug|Win32
		{B670ADB9-98F3-39FB-8DFB-F66458B7946C}.Debug|Win32.Build.0 = Debug|Win32
		{B670ADB9-98F3-39FB-8DFB-F66458B7946C}.Release|Win32.ActiveCfg = Release|Win32
		{B670ADB9-98F3-39FB-8DFB-F66458B7946C}.Release|Win32.Build.0 = Release|Win32
		{B670ADB9-98F3-39FB-8DFB-F66458B7946C}.MinSizeRel|Win32.ActiveCfg = MinSizeRel|Win32
		{B670ADB9-98F3-39FB-8DFB-F66458B7946C}.MinSizeRel|Win32.Build.0 = MinSizeRel|Win32
		{B670ADB9-98F3-39FB-8DFB-F66458B7946C}.RelWithDebInfo|Win32.ActiveCfg = RelWithDebInfo|Win32
		{B670ADB9-98F3-39FB-8DFB-F66458B7946C}.RelWithDebInfo|Win32.Build.0 = RelWithDebInfo|Win32
		{80220CD3-955E-3ABC-B40B-0CAE68CB29DE}.Debug|Win32.ActiveCfg = Debug|Win32
		{80220CD3-955E-3ABC-B40B-0CAE68CB29DE}.Debug|Win32.Build.0 = Debug|Win32
		{80220CD3-955E-3ABC-B40B-0CAE68CB29DE}.Release|Win32.ActiveCfg = Release|Win32
		{80220CD3-955E-3ABC-B40B-0CAE68CB29DE}.Release|Win32.Build.0 = Release|Win32
		{80220CD3-955E-3ABC-B40B-0CAE68CB29DE}.MinSizeRel|Win32.ActiveCfg = MinSizeRel|Win32
		{80220CD3-955E-3ABC-B40B-0CAE68CB29DE}.MinSizeRel|Win32.Build.0 = MinSizeRel|Win32
		{80220CD3-955E-3ABC-B40B-0CAE68CB29DE}.RelWithDebInfo|Win32.ActiveCfg = RelWithDebInfo|Win32
		{80220CD3-955E-3ABC-B40B-0CAE68CB29DE}.RelWithDebInfo|Win32.Build.0 = RelWithDebInfo|Win32
		{25C65788-B7A5-3ABF-9C17-8517072E3732}.Debug|Win32.ActiveCfg = Debug|Win32
		{25C65788-B7A5-3ABF-9C17-8517072E3732}.Debug|Win32.Build.0 = Debug|Win32
		{25C65788-B7A5-3ABF-9C17-8517072E3732}.Release|Win32.ActiveCfg = Release|Win32
		{25C65788-B7A5-3ABF-9C17-8517072E3732}.Release|Win32.Build.0 = Release|Win32
		{25C65788-B7A5-3ABF-9C17-8517072E3732}.MinSizeRel|Win32.ActiveCfg = MinSizeRel|Win32
		{25C65788-B7A5-3ABF-9C17-8517072E3732}.MinSizeRel|Win32.Build.0 = MinSizeRel|Win32
		{25C65788-B7A5-3ABF-9C17-8517072E3732}.RelWithDebInfo|Win32.ActiveCfg = RelWithDebInfo|Win32
		{25C65788-B7A5-3ABF-9C17-8517072E3732}.RelWithDebInfo|Win32.Build.0 = RelWithDebInfo|Win32
		{9827028D-66AB-373E-970E-E8EE6F2B4A23}.Debug|Win32.ActiveCfg = Debug|Win32
		{9827028D-66AB-373E-970E-E8EE6F2B4A23}.Debug|Win32.Build.0 = Debug|Win32
		{9827028D-66AB-373E-970E-E8EE6F2B4A23}.Release|Win32.ActiveCfg = Release|Win32
		{9827028D-66AB-373E-970E-E8EE6F2B4A23}.Release|Win32.Build.0 = Release|Win32
		{9827028D-66AB-373E-970E-E8EE6F2B4A23}.MinSizeRel|Win32.ActiveCfg = MinSizeRel|Win32
		{9827028D-66AB-373E-970E-E8EE6F2B4A23}.MinSizeRel|Win32.Build.0 = MinSizeRel|Win32
		{9827028D-66AB-373E-970E-E8EE6F2B4A23}.RelWithDebInfo|Win32.ActiveCfg = RelWithDebInfo|Win32
		{9827028D-66AB-373E-970E-E8EE6F2B4A23}.RelWithDebInfo|Win32.Build.0 = RelWithDebInfo|Win32
		{EB86B9A2-81AA-3397-937B-9F453C5239FF}.Debug|Win32.ActiveCfg = Debug|Win32
		{EB86B9A2-81AA-3397-937B-9F453C5239FF}.Debug|Win32.Build.0 = Debug|Win32
		{EB86B9A2-81AA-3397-937B-9F453C5239FF}.Release|Win32.ActiveCfg = Release|Win32
		{EB86B9A2-81AA-3397-937B-9F453C5239FF}.Release|Win32.Build.0 = Release|Win32
		{EB86B9A2-81AA-3397-937B-9F453C5239FF}.MinSizeRel|Win32.ActiveCfg = MinSizeRel|Win32
		{EB86B9A2-81AA-3397-937B-9F453C5239FF}.MinSizeRel|Win32.Build.0 = MinSizeRel|Win32
		{EB86B9A2-81AA-3397-937B-9F453C5239FF}.RelWithDebInfo|Win32.ActiveCfg = RelWithDebInfo|Win32
		{EB86B9A2-81AA-3397-937B-9F453C5239FF}.RelWithDebInfo|Win32.Build.0 = RelWithDebInfo|Win32
		{5E08DDAE-FAD2-3929-ACFC-DF64723FA542}.Debug|Win32.ActiveCfg = Debug|Win32
		{5E08DDAE-FAD2-3929-ACFC-DF64723FA542}.Debug|Win32.Build.0 = Debug|Win32
		{5E08DDAE-FAD2-3929-ACFC-DF64723FA542}.Release|Win32.ActiveCfg = Release|Win32
		{5E08DDAE-FAD2-3929-ACFC-DF64723FA542}.Release|Win32.Build.0 = Release|Win32
		{5E08DDAE-FAD2-3929-ACFC-DF64723FA542}.MinSizeRel|Win32.ActiveCfg = MinSizeRel|Win32
		{5E08DDAE-FAD2-3929-ACFC-DF64723FA542}.MinSizeRel|Win32.Build.0 = MinSizeRel|Win32
		{5E08DDAE-FAD2-3929-ACFC-DF64723FA542}.RelWithDebInfo|Win32.ActiveCfg = RelWithDebInfo|Win32
		{5E08DDAE-FAD2-3929-ACFC-DF64723FA542}.RelWithDebInfo|Win32.Build.0 = RelWithDebInfo|Win32
		{8B2293E1-4310-3A7B-AFDC-C4267E60E3E5}.Debug|Win32.ActiveCfg = Debug|Win32
		{8B2293E1-4310-3A7B-AFDC-C4267E60E3E5}.Debug|Win32.Build.0 = Debug|Win32
		{8B2293E1-4310-3A7B-AFDC-C4267E60E3E5}.Release|Win32.ActiveCfg = Release|Win32
		{8B2293E1-4310-3A7B-AFDC-C4267E60E3E5}.Release|Win32.Build.0 = Release|Win32
		{8B2293E1-4310-3A7B-AFDC-C4267E60E3E5}.MinSizeRel|Win32.ActiveCfg = MinSizeRel|Win32
		{8B2293E1-4310-3A7B-AFDC-C4267E60E3E5}.MinSizeRel|Win32.Build.0 = MinSizeRel|Win32
		{8B2293E1-4310-3A7B-AFDC-C4267E60E3E5}.RelWithDebInfo|Win32.ActiveCfg = RelWithDebInfo|Win32
		{8B2293E1-4310-3A7B-AFDC-C4267E60E3E5}.RelWithDebInfo|Win32.Build.0 = RelWithDebInfo|Win32
		{36E4550F-4243-336D-B36F-A6813B36E87D}.Debug|Win32.ActiveCfg = Debug|Win32
		{36E4550F-4243-336D-B36F-A6813B36E87D}.Debug|Win32.Build.0 = Debug|Win32
		{36E4550F-4243-336D-B36F-A6813B36E87D}.Release|Win32.ActiveCfg = Release|Win32
		{36E4550F-4243-336D-B36F-A6813B36E87D}.Release|Win32.Build.0 = Release|Win32
		{36E4550F-4243-336D-B36F-A6813B36E87D}.MinSizeRel|Win32.ActiveCfg = MinSizeRel|Win32
		{36E4550F-4243-336D-B36F-A6813B36E87D}.MinSizeRel|Win32.Build.0 = MinSizeRel|Win32
		{36E4550F-4243-336D-B36F-A6813B36E87D}.RelWithDebInfo|Win32.ActiveCfg = RelWithDebInfo|Win32
		{36E4550F-4243-336D-B36F-A6813B36E87D}.RelWithDebInfo|Win32.Build.0 = RelWithDebInfo|Win32
		{4C105D71-E64B-3B9D-8425-4476D3E776A2}.Debug|Win32.ActiveCfg = Debug|Win32
		{4C105D71-E64B-3B9D-8425-4476D3E776A2}.Release|Win32.ActiveCfg = Release|Win32
		{4C105D71-E64B-3B9D-8425-4476D3E776A2}.MinSizeRel|Win32.ActiveCfg = MinSizeRel|Win32
		{4C105D71-E64B-3B9D-8425-4476D3E776A2}.RelWithDebInfo|Win32.ActiveCfg = RelWithDebInfo|Win32
		{971E764C-BA31-3641-AE0B-DDD144188918}.Debug|Win32.ActiveCfg = Debug|Win32
		{971E764C-BA31-3641-AE0B-DDD144188918}.Debug|Win32.Build.0 = Debug|Win32
		{971E764C-BA31-3641-AE0B-DDD144188918}.Release|Win32.ActiveCfg = Release|Win32
		{971E764C-BA31-3641-AE0B-DDD144188918}.Release|Win32.Build.0 = Release|Win32
		{971E764C-BA31-3641-AE0B-DDD144188918}.MinSizeRel|Win32.ActiveCfg = MinSizeRel|Win32
		{971E764C-BA31-3641-AE0B-DDD144188918}.MinSizeRel|Win32.Build.0 = MinSizeRel|Win32
		{971E764C-BA31-3641-AE0B-DDD144188918}.RelWithDebInfo|Win32.ActiveCfg = RelWithDebInfo|Win32
		{971E764C-BA31-3641-AE0B-DDD144188918}.RelWithDebInfo|Win32.Build.0 = RelWithDebInfo|Win32
		{7B89CD6D-510F-33EA-8C54-9B6327DBE590}.Debug|Win32.ActiveCfg = Debug|Win32
		{7B89CD6D-510F-33EA-8C54-9B6327DBE590}.Debug|Win32.Build.0 = Debug|Win32
		{7B89CD6D-510F-33EA-8C54-9B6327DBE590}.Release|Win32.ActiveCfg = Release|Win32
		{7B89CD6D-510F-33EA-8C54-9B6327DBE590}.Release|Win32.Build.0 = Release|Win32
		{7B89CD6D-510F-33EA-8C54-9B6327DBE590}.MinSizeRel|Win32.ActiveCfg = MinSizeRel|Win32
		{7B89CD6D-510F-33EA-8C54-9B6327DBE590}.MinSizeRel|Win32.Build.0 = MinSizeRel|Win32
		{7B89CD6D-510F-33EA-8C54-9B6327DBE590}.RelWithDebInfo|Win32.ActiveCfg = RelWithDebInfo|Win32
		{7B89CD6D-510F-33EA-8C54-9B6327DBE590}.RelWithDebInfo|Win32.Build.0 = RelWithDebInfo|Win32
		{D4C18C90-8E6F-3870-B752-B33F0258501B}.Debug|Win32.ActiveCfg = Debug|Win32
		{D4C18C90-8E6F-3870-B752-B33F0258501B}.Release|Win32.ActiveCfg = Release|Win32
		{D4C18C90-8E6F-3870-B752-B33F0258501B}.MinSizeRel|Win32.ActiveCfg = MinSizeRel|Win32
		{D4C18C90-8E6F-3870-B752-B33F0258501B}.RelWithDebInfo|Win32.ActiveCfg = RelWithDebInfo|Win32
		{BEBC75FF-6775-3A0F-A3AB-A2DF8552DBDE}.Debug|Win32.ActiveCfg = Debug|Win32
		{BEBC75FF-6775-3A0F-A3AB-A2DF8552DBDE}.Debug|Win32.Build.0 = Debug|Win32
		{BEBC75FF-6775-3A0F-A3AB-A2DF8552DBDE}.Release|Win32.ActiveCfg = Release|Win32
		{BEBC75FF-6775-3A0F-A3AB-A2DF8552DBDE}.Release|Win32.Build.0 = Release|Win32
		{BEBC75FF-6775-3A0F-A3AB-A2DF8552DBDE}.MinSizeRel|Win32.ActiveCfg = MinSizeRel|Win32
		{BEBC75FF-6775-3A0F-A3AB-A2DF8552DBDE}.MinSizeRel|Win32.Build.0 = MinSizeRel|Win32
		{BEBC75FF-6775-3A0F-A3AB-A2DF8552DBDE}.RelWithDebInfo|Win32.ActiveCfg = RelWithDebInfo|Win32
		{BEBC75FF-6775-3A0F-A3AB-A2DF8552DBDE}.RelWithDebInfo|Win32.Build.0 = RelWithDebInfo|Win32
		{A1367E7D-C8EC-35C3-9E43-9866AD36E4D7}.Debug|Win32.ActiveCfg = Debug|Win32
		{A1367E7D-C8EC-35C3-9E43-9866AD36E4D7}.Debug|Win32.Build.0 = Debug|Win32
		{A1367E7D-C8EC-35C3-9E43-9866AD36E4D7}.Release|Win32.ActiveCfg = Release|Win32
		{A1367E7D-C8EC-35C3-9E43-9866AD36E4D7}.Release|Win32.Build.0 = Release|Win32
		{A1367E7D-C8EC-35C3-9E43-9866AD36E4D7}.MinSizeRel|Win32.ActiveCfg = MinSizeRel|Win32
		{A1367E7D-C8EC-35C3-9E43-9866AD36E4D7}.MinSizeRel|Win32.Build.0 = MinSizeRel|Win32
		{A1367E7D-C8EC-35C3-9E43-9866AD36E4D7}.RelWithDebInfo|Win32.ActiveCfg = RelWithDebInfo|Win32
		{A1367E7D-C8EC-35C3-9E43-9866AD36E4D7}.RelWithDebInfo|Win32.Build.0 = RelWithDebInfo|Win32
		{F6225418-7E6B-31AE-A264-E87B4FDDCCC4}.Debug|Win32.ActiveCfg = Debug|Win32
		{F6225418-7E6B-31AE-A264-E87B4FDDCCC4}.Debug|Win32.Build.0 = Debug|Win32
		{F6225418-7E6B-31AE-A264-E87B4FDDCCC4}.Release|Win32.ActiveCfg = Release|Win32
		{F6225418-7E6B-31AE-A264-E87B4FDDCCC4}.Release|Win32.Build.0 = Release|Win32
		{F6225418-7E6B-31AE-A264-E87B4FDDCCC4}.MinSizeRel|Win32.ActiveCfg = MinSizeRel|Win32
		{F6225418-7E6B-31AE-A264-E87B4FDDCCC4}.MinSizeRel|Win32.Build.0 = MinSizeRel|Win32
		{F6225418-7E6B-31AE-A264-E87B4FDDCCC4}.RelWithDebInfo|Win32.ActiveCfg = RelWithDebInfo|Win32
		{F6225418-7E6B-31AE-A264-E87B4FDDCCC4}.RelWithDebInfo|Win32.Build.0 = RelWithDebInfo|Win32
		{77F29F80-EA4E-3ACF-9CB0-2DDF993F5D60}.Debug|Win32.ActiveCfg = Debug|Win32
		{77F29F80-EA4E-3ACF-9CB0-2DDF993F5D60}.Debug|Win32.Build.0 = Debug|Win32
		{77F29F80-EA4E-3ACF-9CB0-2DDF993F5D60}.Release|Win32.ActiveCfg = Release|Win32
		{77F29F80-EA4E-3ACF-9CB0-2DDF993F5D60}.Release|Win32.Build.0 = Release|Win32
		{77F29F80-EA4E-3ACF-9CB0-2DDF993F5D60}.MinSizeRel|Win32.ActiveCfg = MinSizeRel|Win32
		{77F29F80-EA4E-3ACF-9CB0-2DDF993F5D60}.MinSizeRel|Win32.Build.0 = MinSizeRel|Win32
		{77F29F80-EA4E-3ACF-9CB0-2DDF993F5D60}.RelWithDebInfo|Win32.ActiveCfg = RelWithDebInfo|Win32
		{77F29F80-EA4E-3ACF-9CB0-2DDF993F5D60}.RelWithDebInfo|Win32.Build.0 = RelWithDebInfo|Win32
		{B67273B6-072B-3557-9E08-CA08AF767AAC}.Debug|Win32.ActiveCfg = Debug|Win32
		{B67273B6-072B-3557-9E08-CA08AF767AAC}.Debug|Win32.Build.0 = Debug|Win32
		{B67273B6-072B-3557-9E08-CA08AF767AAC}.Release|Win32.ActiveCfg = Release|Win32
		{B67273B6-072B-3557-9E08-CA08AF767AAC}.Release|Win32.Build.0 = Release|Win32
		{B67273B6-072B-3557-9E08-CA08AF767AAC}.MinSizeRel|Win32.ActiveCfg = MinSizeRel|Win32
		{B67273B6-072B-3557-9E08-CA08AF767AAC}.MinSizeRel|Win32.Build.0 = MinSizeRel|Win32
		{B67273B6-072B-3557-9E08-CA08AF767AAC}.RelWithDebInfo|Win32.ActiveCfg = RelWithDebInfo|Win32
		{B67273B6-072B-3557-9E08-CA08AF767AAC}.RelWithDebInfo|Win32.Build.0 = RelWithDebInfo|Win32
		{C341B0EF-B7EB-39BD-81A5-079477BE8C37}.Debug|Win32.ActiveCfg = Debug|Win32
		{C341B0EF-B7EB-39BD-81A5-079477BE8C37}.Debug|Win32.Build.0 = Debug|Win32
		{C341B0EF-B7EB-39BD-81A5-079477BE8C37}.Release|Win32.ActiveCfg = Release|Win32
		{C341B0EF-B7EB-39BD-81A5-079477BE8C37}.Release|Win32.Build.0 = Release|Win32
		{C341B0EF-B7EB-39BD-81A5-079477BE8C37}.MinSizeRel|Win32.ActiveCfg = MinSizeRel|Win32
		{C341B0EF-B7EB-39BD-81A5-079477BE8C37}.MinSizeRel|Win32.Build.0 = MinSizeRel|Win32
		{C341B0EF-B7EB-39BD-81A5-079477BE8C37}.RelWithDebInfo|Win32.ActiveCfg = RelWithDebInfo|Win32
		{C341B0EF-B7EB-39BD-81A5-079477BE8C37}.RelWithDebInfo|Win32.Build.0 = RelWithDebInfo|Win32
		{B912900E-2482-3E15-8040-A69209AB34CF}.Debug|Win32.ActiveCfg = Debug|Win32
		{B912900E-2482-3E15-8040-A69209AB34CF}.Debug|Win32.Build.0 = Debug|Win32
		{B912900E-2482-3E15-8040-A69209AB34CF}.Release|Win32.ActiveCfg = Release|Win32
		{B912900E-2482-3E15-8040-A69209AB34CF}.Release|Win32.Build.0 = Release|Win32
		{B912900E-2482-3E15-8040-A69209AB34CF}.MinSizeRel|Win32.ActiveCfg = MinSizeRel|Win32
		{B912900E-2482-3E15-8040-A69209AB34CF}.MinSizeRel|Win32.Build.0 = MinSizeRel|Win32
		{B912900E-2482-3E15-8040-A69209AB34CF}.RelWithDebInfo|Win32.ActiveCfg = RelWithDebInfo|Win32
		{B912900E-2482-3E15-8040-A69209AB34CF}.RelWithDebInfo|Win32.Build.0 = RelWithDebInfo|Win32
		{3FCCA5D5-93AB-347F-956C-DF933D1835B6}.Debug|Win32.ActiveCfg = Debug|Win32
		{3FCCA5D5-93AB-347F-956C-DF933D1835B6}.Debug|Win32.Build.0 = Debug|Win32
		{3FCCA5D5-93AB-347F-956C-DF933D1835B6}.Release|Win32.ActiveCfg = Release|Win32
		{3FCCA5D5-93AB-347F-956C-DF933D1835B6}.Release|Win32.Build.0 = Release|Win32
		{3FCCA5D5-93AB-347F-956C-DF933D1835B6}.MinSizeRel|Win32.ActiveCfg = MinSizeRel|Win32
		{3FCCA5D5-93AB-347F-956C-DF933D1835B6}.MinSizeRel|Win32.Build.0 = MinSizeRel|Win32
		{3FCCA5D5-93AB-347F-956C-DF933D1835B6}.RelWithDebInfo|Win32.ActiveCfg = RelWithDebInfo|Win32
		{3FCCA5D5-93AB-347F-956C-DF933D1835B6}.RelWithDebInfo|Win32.Build.0 = RelWithDebInfo|Win32
		{05003EEB-EFDD-39A8-B6ED-FBC3C2D5A1E8}.Debug|Win32.ActiveCfg = Debug|Win32
		{05003EEB-EFDD-39A8-B6ED-FBC3C2D5A1E8}.Debug|Win32.Build.0 = Debug|Win32
		{05003EEB-EFDD-39A8-B6ED-FBC3C2D5A1E8}.Release|Win32.ActiveCfg = Release|Win32
		{05003EEB-EFDD-39A8-B6ED-FBC3C2D5A1E8}.Release|Win32.Build.0 = Release|Win32
		{05003EEB-EFDD-39A8-B6ED-FBC3C2D5A1E8}.MinSizeRel|Win32.ActiveCfg = MinSizeRel|Win32
		{05003EEB-EFDD-39A8-B6ED-FBC3C2D5A1E8}.MinSizeRel|Win32.Build.0 = MinSizeRel|Win32
		{05003EEB-EFDD-39A8-B6ED-FBC3C2D5A1E8}.RelWithDebInfo|Win32.ActiveCfg = RelWithDebInfo|Win32
		{05003EEB-EFDD-39A8-B6ED-FBC3C2D5A1E8}.RelWithDebInfo|Win32.Build.0 = RelWithDebInfo|Win32
	EndGlobalSection
	GlobalSection(ExtensibilityGlobals) = postSolution
	EndGlobalSection
	GlobalSection(ExtensibilityAddIns) = postSolution
	EndGlobalSection
EndGlobal
